// !$*UTF8*$!
{
	archiveVersion = 1;
	classes = {
	};
	objectVersion = 48;
	objects = {

/* Begin PBXBuildFile section */
		0205E3671F7012E1003A9787 /* KeyStore.swift in Sources */ = {isa = PBXBuildFile; fileRef = 0205E3661F7012E1003A9787 /* KeyStore.swift */; };
		0205E3691F71481C003A9787 /* KeyStoreActions.swift in Sources */ = {isa = PBXBuildFile; fileRef = 0205E3681F71481C003A9787 /* KeyStoreActions.swift */; };
		0205E36D1F716251003A9787 /* KeyStoreReducerSpec.swift in Sources */ = {isa = PBXBuildFile; fileRef = 0205E36C1F716251003A9787 /* KeyStoreReducerSpec.swift */; };
		022124191F82238D005A668A /* CreateIdentityActionsSpec.swift in Sources */ = {isa = PBXBuildFile; fileRef = 022124181F82238D005A668A /* CreateIdentityActionsSpec.swift */; };
		027603EF1F6ACD1600788B0A /* AppDelegate.swift in Sources */ = {isa = PBXBuildFile; fileRef = 027603EE1F6ACD1600788B0A /* AppDelegate.swift */; };
		027603F11F6ACD1600788B0A /* ViewController.swift in Sources */ = {isa = PBXBuildFile; fileRef = 027603F01F6ACD1600788B0A /* ViewController.swift */; };
		027603F41F6ACD1600788B0A /* Main.storyboard in Resources */ = {isa = PBXBuildFile; fileRef = 027603F21F6ACD1600788B0A /* Main.storyboard */; };
		027603F61F6ACD1600788B0A /* Assets.xcassets in Resources */ = {isa = PBXBuildFile; fileRef = 027603F51F6ACD1600788B0A /* Assets.xcassets */; };
		027603F91F6ACD1600788B0A /* LaunchScreen.storyboard in Resources */ = {isa = PBXBuildFile; fileRef = 027603F71F6ACD1600788B0A /* LaunchScreen.storyboard */; };
		028F4EEC1F7AA64D0015C4AF /* GethReducerSpec.swift in Sources */ = {isa = PBXBuildFile; fileRef = 028F4EEB1F7AA64D0015C4AF /* GethReducerSpec.swift */; };
		028F4EEE1F7CE12A0015C4AF /* SyncProgress.swift in Sources */ = {isa = PBXBuildFile; fileRef = 028F4EED1F7CE12A0015C4AF /* SyncProgress.swift */; };
		028F4EEF1F7CE12A0015C4AF /* SyncProgress.swift in Sources */ = {isa = PBXBuildFile; fileRef = 028F4EED1F7CE12A0015C4AF /* SyncProgress.swift */; };
		028F4EF51F7CF7EB0015C4AF /* ViewControllerSpec.swift in Sources */ = {isa = PBXBuildFile; fileRef = 028F4EF41F7CF7EB0015C4AF /* ViewControllerSpec.swift */; };
		028F4EF61F7CF8330015C4AF /* Main.storyboard in Resources */ = {isa = PBXBuildFile; fileRef = 027603F21F6ACD1600788B0A /* Main.storyboard */; };
		028F4EFA1F7D34280015C4AF /* CreateIdentityViewController.swift in Sources */ = {isa = PBXBuildFile; fileRef = 028F4EF91F7D34280015C4AF /* CreateIdentityViewController.swift */; };
		028F4EFB1F7D34280015C4AF /* CreateIdentityViewController.swift in Sources */ = {isa = PBXBuildFile; fileRef = 028F4EF91F7D34280015C4AF /* CreateIdentityViewController.swift */; };
		028F4EFD1F7D3B5C0015C4AF /* CreateIdentityActions.swift in Sources */ = {isa = PBXBuildFile; fileRef = 028F4EFC1F7D3B5C0015C4AF /* CreateIdentityActions.swift */; };
		028F4EFE1F7D3B5C0015C4AF /* CreateIdentityActions.swift in Sources */ = {isa = PBXBuildFile; fileRef = 028F4EFC1F7D3B5C0015C4AF /* CreateIdentityActions.swift */; };
		028F4F001F7D3B640015C4AF /* CreateIdentityState.swift in Sources */ = {isa = PBXBuildFile; fileRef = 028F4EFF1F7D3B640015C4AF /* CreateIdentityState.swift */; };
		028F4F011F7D3B640015C4AF /* CreateIdentityState.swift in Sources */ = {isa = PBXBuildFile; fileRef = 028F4EFF1F7D3B640015C4AF /* CreateIdentityState.swift */; };
		028F4F031F7D3B6C0015C4AF /* CreateIdentityReducer.swift in Sources */ = {isa = PBXBuildFile; fileRef = 028F4F021F7D3B6C0015C4AF /* CreateIdentityReducer.swift */; };
		028F4F041F7D3B6C0015C4AF /* CreateIdentityReducer.swift in Sources */ = {isa = PBXBuildFile; fileRef = 028F4F021F7D3B6C0015C4AF /* CreateIdentityReducer.swift */; };
		028F4F061F7D3ED60015C4AF /* CreateIdentityViewControllerSpec.swift in Sources */ = {isa = PBXBuildFile; fileRef = 028F4F051F7D3ED60015C4AF /* CreateIdentityViewControllerSpec.swift */; };
		029245141F7AA00C00F2C0C1 /* GethActions.swift in Sources */ = {isa = PBXBuildFile; fileRef = 029245131F7AA00C00F2C0C1 /* GethActions.swift */; };
		029245151F7AA00C00F2C0C1 /* GethActions.swift in Sources */ = {isa = PBXBuildFile; fileRef = 029245131F7AA00C00F2C0C1 /* GethActions.swift */; };
		029245171F7AA13F00F2C0C1 /* GethReducer.swift in Sources */ = {isa = PBXBuildFile; fileRef = 029245161F7AA13F00F2C0C1 /* GethReducer.swift */; };
		029245181F7AA13F00F2C0C1 /* GethReducer.swift in Sources */ = {isa = PBXBuildFile; fileRef = 029245161F7AA13F00F2C0C1 /* GethReducer.swift */; };
		0292451A1F7AA17300F2C0C1 /* GethState.swift in Sources */ = {isa = PBXBuildFile; fileRef = 029245191F7AA17300F2C0C1 /* GethState.swift */; };
		0292451B1F7AA17300F2C0C1 /* GethState.swift in Sources */ = {isa = PBXBuildFile; fileRef = 029245191F7AA17300F2C0C1 /* GethState.swift */; };
		0292451D1F7AA3B100F2C0C1 /* AppStateHelper.swift in Sources */ = {isa = PBXBuildFile; fileRef = 0292451C1F7AA3B100F2C0C1 /* AppStateHelper.swift */; };
		029691531F7166AC00654BD0 /* KeyStoreReducer.swift in Sources */ = {isa = PBXBuildFile; fileRef = 029691521F7166AC00654BD0 /* KeyStoreReducer.swift */; };
		029691551F7166EE00654BD0 /* KeyStoreState.swift in Sources */ = {isa = PBXBuildFile; fileRef = 029691541F7166EE00654BD0 /* KeyStoreState.swift */; };
		0298D4271F7A43C90070998D /* KeyStore.swift in Sources */ = {isa = PBXBuildFile; fileRef = 0205E3661F7012E1003A9787 /* KeyStore.swift */; };
		0298D4281F7A43C90070998D /* KeyStoreActions.swift in Sources */ = {isa = PBXBuildFile; fileRef = 0205E3681F71481C003A9787 /* KeyStoreActions.swift */; };
		0298D4291F7A43C90070998D /* KeyStoreReducer.swift in Sources */ = {isa = PBXBuildFile; fileRef = 029691521F7166AC00654BD0 /* KeyStoreReducer.swift */; };
		0298D42A1F7A43C90070998D /* KeyStoreState.swift in Sources */ = {isa = PBXBuildFile; fileRef = 029691541F7166EE00654BD0 /* KeyStoreState.swift */; };
		0298D42B1F7A43C90070998D /* AppStore.swift in Sources */ = {isa = PBXBuildFile; fileRef = 02E792341F6FFBFF00DC5973 /* AppStore.swift */; };
		0298D42C1F7A43C90070998D /* AppState.swift in Sources */ = {isa = PBXBuildFile; fileRef = 02E792301F6FFBAD00DC5973 /* AppState.swift */; };
		0298D42D1F7A43C90070998D /* AppReducer.swift in Sources */ = {isa = PBXBuildFile; fileRef = 02E792321F6FFBF700DC5973 /* AppReducer.swift */; };
		0298D42E1F7A43C90070998D /* StorePersister.swift in Sources */ = {isa = PBXBuildFile; fileRef = 02CD30A31F73F251006BA756 /* StorePersister.swift */; };
		0298D42F1F7A43C90070998D /* ViewController.swift in Sources */ = {isa = PBXBuildFile; fileRef = 027603F01F6ACD1600788B0A /* ViewController.swift */; };
		0298D4351F7A45150070998D /* GethSpec.swift in Sources */ = {isa = PBXBuildFile; fileRef = 0298D4341F7A45150070998D /* GethSpec.swift */; };
		0298D4371F7A45680070998D /* Geth.swift in Sources */ = {isa = PBXBuildFile; fileRef = 0298D4361F7A45680070998D /* Geth.swift */; };
		0298D4381F7A456A0070998D /* Geth.swift in Sources */ = {isa = PBXBuildFile; fileRef = 0298D4361F7A45680070998D /* Geth.swift */; };
		0298D43A1F7A46A30070998D /* Node.swift in Sources */ = {isa = PBXBuildFile; fileRef = 0298D4391F7A46A30070998D /* Node.swift */; };
		0298D43B1F7A47890070998D /* Node.swift in Sources */ = {isa = PBXBuildFile; fileRef = 0298D4391F7A46A30070998D /* Node.swift */; };
		02BE32C91F7A4DF9006C7287 /* PeerReporterSpec.swift in Sources */ = {isa = PBXBuildFile; fileRef = 02BE32C81F7A4DF9006C7287 /* PeerReporterSpec.swift */; };
		02BE32CB1F7A511A006C7287 /* PeerReporter.swift in Sources */ = {isa = PBXBuildFile; fileRef = 02BE32CA1F7A511A006C7287 /* PeerReporter.swift */; };
		02BE32CC1F7A511D006C7287 /* PeerReporter.swift in Sources */ = {isa = PBXBuildFile; fileRef = 02BE32CA1F7A511A006C7287 /* PeerReporter.swift */; };
		02BE32CE1F7A5C55006C7287 /* SyncProgressReporterSpec.swift in Sources */ = {isa = PBXBuildFile; fileRef = 02BE32CD1F7A5C55006C7287 /* SyncProgressReporterSpec.swift */; };
		02BE32D01F7A6D92006C7287 /* SyncProgressReporter.swift in Sources */ = {isa = PBXBuildFile; fileRef = 02BE32CF1F7A6D92006C7287 /* SyncProgressReporter.swift */; };
		02BE32D11F7A6DD0006C7287 /* SyncProgressReporter.swift in Sources */ = {isa = PBXBuildFile; fileRef = 02BE32CF1F7A6D92006C7287 /* SyncProgressReporter.swift */; };
		02BE32D31F7A8165006C7287 /* EthereumClient.swift in Sources */ = {isa = PBXBuildFile; fileRef = 02BE32D21F7A8165006C7287 /* EthereumClient.swift */; };
		02BE32D41F7A8165006C7287 /* EthereumClient.swift in Sources */ = {isa = PBXBuildFile; fileRef = 02BE32D21F7A8165006C7287 /* EthereumClient.swift */; };
		02CD30A41F73F251006BA756 /* StorePersister.swift in Sources */ = {isa = PBXBuildFile; fileRef = 02CD30A31F73F251006BA756 /* StorePersister.swift */; };
		02CD30A61F73F27B006BA756 /* StorePersisterSpec.swift in Sources */ = {isa = PBXBuildFile; fileRef = 02CD30A51F73F27B006BA756 /* StorePersisterSpec.swift */; };
		02CD80541F7D494900AA5C3A /* CreateIdentityReducerSpec.swift in Sources */ = {isa = PBXBuildFile; fileRef = 02CD80531F7D494900AA5C3A /* CreateIdentityReducerSpec.swift */; };
		02CD80581F7E30D100AA5C3A /* ActionLogger.swift in Sources */ = {isa = PBXBuildFile; fileRef = 02CD80571F7E30D100AA5C3A /* ActionLogger.swift */; };
		02CD80591F7E318100AA5C3A /* ActionLogger.swift in Sources */ = {isa = PBXBuildFile; fileRef = 02CD80571F7E30D100AA5C3A /* ActionLogger.swift */; };
		02E792311F6FFBAD00DC5973 /* AppState.swift in Sources */ = {isa = PBXBuildFile; fileRef = 02E792301F6FFBAD00DC5973 /* AppState.swift */; };
		02E792331F6FFBF700DC5973 /* AppReducer.swift in Sources */ = {isa = PBXBuildFile; fileRef = 02E792321F6FFBF700DC5973 /* AppReducer.swift */; };
		02E792351F6FFC0000DC5973 /* AppStore.swift in Sources */ = {isa = PBXBuildFile; fileRef = 02E792341F6FFBFF00DC5973 /* AppStore.swift */; };
		02E792391F6FFE1100DC5973 /* KeyStoreActionsSpec.swift in Sources */ = {isa = PBXBuildFile; fileRef = 02E792381F6FFE1100DC5973 /* KeyStoreActionsSpec.swift */; };
		C00B558B846161B2B4EC795F /* KeyStoreStateSpec.swift in Sources */ = {isa = PBXBuildFile; fileRef = C00B51FAEC4359E68AB1FA33 /* KeyStoreStateSpec.swift */; };
		C5BA5E19747B73A161EF0D57 /* Pods_Cogito.framework in Frameworks */ = {isa = PBXBuildFile; fileRef = 8BD916EEEB5AFF9DB177462D /* Pods_Cogito.framework */; };
		D0885FE16CB0CF89FA9AE774 /* Pods_Cogito_CogitoTests.framework in Frameworks */ = {isa = PBXBuildFile; fileRef = 53940EFC96526AFDFA7CD5FC /* Pods_Cogito_CogitoTests.framework */; };
/* End PBXBuildFile section */

/* Begin PBXContainerItemProxy section */
		027604001F6ACD1600788B0A /* PBXContainerItemProxy */ = {
			isa = PBXContainerItemProxy;
			containerPortal = 027603E31F6ACD1600788B0A /* Project object */;
			proxyType = 1;
			remoteGlobalIDString = 027603EA1F6ACD1600788B0A;
			remoteInfo = Cogito;
		};
/* End PBXContainerItemProxy section */

/* Begin PBXFileReference section */
		0205E3661F7012E1003A9787 /* KeyStore.swift */ = {isa = PBXFileReference; lastKnownFileType = sourcecode.swift; path = KeyStore.swift; sourceTree = "<group>"; };
		0205E3681F71481C003A9787 /* KeyStoreActions.swift */ = {isa = PBXFileReference; lastKnownFileType = sourcecode.swift; path = KeyStoreActions.swift; sourceTree = "<group>"; };
		0205E36C1F716251003A9787 /* KeyStoreReducerSpec.swift */ = {isa = PBXFileReference; fileEncoding = 4; lastKnownFileType = sourcecode.swift; path = KeyStoreReducerSpec.swift; sourceTree = "<group>"; };
		022124181F82238D005A668A /* CreateIdentityActionsSpec.swift */ = {isa = PBXFileReference; lastKnownFileType = sourcecode.swift; path = CreateIdentityActionsSpec.swift; sourceTree = "<group>"; };
		027603EB1F6ACD1600788B0A /* Cogito.app */ = {isa = PBXFileReference; explicitFileType = wrapper.application; includeInIndex = 0; path = Cogito.app; sourceTree = BUILT_PRODUCTS_DIR; };
		027603EE1F6ACD1600788B0A /* AppDelegate.swift */ = {isa = PBXFileReference; lastKnownFileType = sourcecode.swift; path = AppDelegate.swift; sourceTree = "<group>"; };
		027603F01F6ACD1600788B0A /* ViewController.swift */ = {isa = PBXFileReference; lastKnownFileType = sourcecode.swift; path = ViewController.swift; sourceTree = "<group>"; };
		027603F31F6ACD1600788B0A /* Base */ = {isa = PBXFileReference; lastKnownFileType = file.storyboard; name = Base; path = Base.lproj/Main.storyboard; sourceTree = "<group>"; };
		027603F51F6ACD1600788B0A /* Assets.xcassets */ = {isa = PBXFileReference; lastKnownFileType = folder.assetcatalog; path = Assets.xcassets; sourceTree = "<group>"; };
		027603F81F6ACD1600788B0A /* Base */ = {isa = PBXFileReference; lastKnownFileType = file.storyboard; name = Base; path = Base.lproj/LaunchScreen.storyboard; sourceTree = "<group>"; };
		027603FA1F6ACD1600788B0A /* Info.plist */ = {isa = PBXFileReference; lastKnownFileType = text.plist.xml; path = Info.plist; sourceTree = "<group>"; };
		027603FF1F6ACD1600788B0A /* CogitoTests.xctest */ = {isa = PBXFileReference; explicitFileType = wrapper.cfbundle; includeInIndex = 0; path = CogitoTests.xctest; sourceTree = BUILT_PRODUCTS_DIR; };
		027604051F6ACD1600788B0A /* Info.plist */ = {isa = PBXFileReference; lastKnownFileType = text.plist.xml; path = Info.plist; sourceTree = "<group>"; };
		0276040E1F6BFF6D00788B0A /* Readme.md */ = {isa = PBXFileReference; lastKnownFileType = net.daringfireball.markdown; path = Readme.md; sourceTree = "<group>"; };
		028F4EEB1F7AA64D0015C4AF /* GethReducerSpec.swift */ = {isa = PBXFileReference; lastKnownFileType = sourcecode.swift; path = GethReducerSpec.swift; sourceTree = "<group>"; };
		028F4EED1F7CE12A0015C4AF /* SyncProgress.swift */ = {isa = PBXFileReference; lastKnownFileType = sourcecode.swift; path = SyncProgress.swift; sourceTree = "<group>"; };
		028F4EF41F7CF7EB0015C4AF /* ViewControllerSpec.swift */ = {isa = PBXFileReference; lastKnownFileType = sourcecode.swift; path = ViewControllerSpec.swift; sourceTree = "<group>"; };
		028F4EF91F7D34280015C4AF /* CreateIdentityViewController.swift */ = {isa = PBXFileReference; lastKnownFileType = sourcecode.swift; path = CreateIdentityViewController.swift; sourceTree = "<group>"; };
		028F4EFC1F7D3B5C0015C4AF /* CreateIdentityActions.swift */ = {isa = PBXFileReference; lastKnownFileType = sourcecode.swift; path = CreateIdentityActions.swift; sourceTree = "<group>"; };
		028F4EFF1F7D3B640015C4AF /* CreateIdentityState.swift */ = {isa = PBXFileReference; lastKnownFileType = sourcecode.swift; path = CreateIdentityState.swift; sourceTree = "<group>"; };
		028F4F021F7D3B6C0015C4AF /* CreateIdentityReducer.swift */ = {isa = PBXFileReference; lastKnownFileType = sourcecode.swift; path = CreateIdentityReducer.swift; sourceTree = "<group>"; };
		028F4F051F7D3ED60015C4AF /* CreateIdentityViewControllerSpec.swift */ = {isa = PBXFileReference; lastKnownFileType = sourcecode.swift; path = CreateIdentityViewControllerSpec.swift; sourceTree = "<group>"; };
		029245131F7AA00C00F2C0C1 /* GethActions.swift */ = {isa = PBXFileReference; lastKnownFileType = sourcecode.swift; path = GethActions.swift; sourceTree = "<group>"; };
		029245161F7AA13F00F2C0C1 /* GethReducer.swift */ = {isa = PBXFileReference; lastKnownFileType = sourcecode.swift; path = GethReducer.swift; sourceTree = "<group>"; };
		029245191F7AA17300F2C0C1 /* GethState.swift */ = {isa = PBXFileReference; lastKnownFileType = sourcecode.swift; path = GethState.swift; sourceTree = "<group>"; };
		0292451C1F7AA3B100F2C0C1 /* AppStateHelper.swift */ = {isa = PBXFileReference; lastKnownFileType = sourcecode.swift; path = AppStateHelper.swift; sourceTree = "<group>"; };
		029691521F7166AC00654BD0 /* KeyStoreReducer.swift */ = {isa = PBXFileReference; lastKnownFileType = sourcecode.swift; path = KeyStoreReducer.swift; sourceTree = "<group>"; };
		029691541F7166EE00654BD0 /* KeyStoreState.swift */ = {isa = PBXFileReference; lastKnownFileType = sourcecode.swift; path = KeyStoreState.swift; sourceTree = "<group>"; };
		0298D4341F7A45150070998D /* GethSpec.swift */ = {isa = PBXFileReference; lastKnownFileType = sourcecode.swift; path = GethSpec.swift; sourceTree = "<group>"; };
		0298D4361F7A45680070998D /* Geth.swift */ = {isa = PBXFileReference; lastKnownFileType = sourcecode.swift; path = Geth.swift; sourceTree = "<group>"; };
		0298D4391F7A46A30070998D /* Node.swift */ = {isa = PBXFileReference; lastKnownFileType = sourcecode.swift; path = Node.swift; sourceTree = "<group>"; };
		02BE32C81F7A4DF9006C7287 /* PeerReporterSpec.swift */ = {isa = PBXFileReference; lastKnownFileType = sourcecode.swift; path = PeerReporterSpec.swift; sourceTree = "<group>"; };
		02BE32CA1F7A511A006C7287 /* PeerReporter.swift */ = {isa = PBXFileReference; lastKnownFileType = sourcecode.swift; path = PeerReporter.swift; sourceTree = "<group>"; };
		02BE32CD1F7A5C55006C7287 /* SyncProgressReporterSpec.swift */ = {isa = PBXFileReference; lastKnownFileType = sourcecode.swift; path = SyncProgressReporterSpec.swift; sourceTree = "<group>"; };
		02BE32CF1F7A6D92006C7287 /* SyncProgressReporter.swift */ = {isa = PBXFileReference; lastKnownFileType = sourcecode.swift; path = SyncProgressReporter.swift; sourceTree = "<group>"; };
		02BE32D21F7A8165006C7287 /* EthereumClient.swift */ = {isa = PBXFileReference; lastKnownFileType = sourcecode.swift; path = EthereumClient.swift; sourceTree = "<group>"; };
		02CD30A31F73F251006BA756 /* StorePersister.swift */ = {isa = PBXFileReference; lastKnownFileType = sourcecode.swift; path = StorePersister.swift; sourceTree = "<group>"; };
		02CD30A51F73F27B006BA756 /* StorePersisterSpec.swift */ = {isa = PBXFileReference; lastKnownFileType = sourcecode.swift; path = StorePersisterSpec.swift; sourceTree = "<group>"; };
		02CD80531F7D494900AA5C3A /* CreateIdentityReducerSpec.swift */ = {isa = PBXFileReference; lastKnownFileType = sourcecode.swift; path = CreateIdentityReducerSpec.swift; sourceTree = "<group>"; };
		02CD80571F7E30D100AA5C3A /* ActionLogger.swift */ = {isa = PBXFileReference; lastKnownFileType = sourcecode.swift; path = ActionLogger.swift; sourceTree = "<group>"; };
		02E792301F6FFBAD00DC5973 /* AppState.swift */ = {isa = PBXFileReference; lastKnownFileType = sourcecode.swift; path = AppState.swift; sourceTree = "<group>"; };
		02E792321F6FFBF700DC5973 /* AppReducer.swift */ = {isa = PBXFileReference; lastKnownFileType = sourcecode.swift; path = AppReducer.swift; sourceTree = "<group>"; };
		02E792341F6FFBFF00DC5973 /* AppStore.swift */ = {isa = PBXFileReference; lastKnownFileType = sourcecode.swift; path = AppStore.swift; sourceTree = "<group>"; };
		02E792381F6FFE1100DC5973 /* KeyStoreActionsSpec.swift */ = {isa = PBXFileReference; lastKnownFileType = sourcecode.swift; path = KeyStoreActionsSpec.swift; sourceTree = "<group>"; };
		2DA9DD4F7CAA535BF4E32B61 /* Pods-Cogito-CogitoTests.debug.xcconfig */ = {isa = PBXFileReference; includeInIndex = 1; lastKnownFileType = text.xcconfig; name = "Pods-Cogito-CogitoTests.debug.xcconfig"; path = "Pods/Target Support Files/Pods-Cogito-CogitoTests/Pods-Cogito-CogitoTests.debug.xcconfig"; sourceTree = "<group>"; };
		4E01CAF19EC1DDC9775320D9 /* Pods-Cogito.release.xcconfig */ = {isa = PBXFileReference; includeInIndex = 1; lastKnownFileType = text.xcconfig; name = "Pods-Cogito.release.xcconfig"; path = "Pods/Target Support Files/Pods-Cogito/Pods-Cogito.release.xcconfig"; sourceTree = "<group>"; };
		522B6D6F55AAD6AA150A5F61 /* Pods-Cogito.debug.xcconfig */ = {isa = PBXFileReference; includeInIndex = 1; lastKnownFileType = text.xcconfig; name = "Pods-Cogito.debug.xcconfig"; path = "Pods/Target Support Files/Pods-Cogito/Pods-Cogito.debug.xcconfig"; sourceTree = "<group>"; };
		53940EFC96526AFDFA7CD5FC /* Pods_Cogito_CogitoTests.framework */ = {isa = PBXFileReference; explicitFileType = wrapper.framework; includeInIndex = 0; path = Pods_Cogito_CogitoTests.framework; sourceTree = BUILT_PRODUCTS_DIR; };
		8BD916EEEB5AFF9DB177462D /* Pods_Cogito.framework */ = {isa = PBXFileReference; explicitFileType = wrapper.framework; includeInIndex = 0; path = Pods_Cogito.framework; sourceTree = BUILT_PRODUCTS_DIR; };
		A51C652F88A1C505BE309FCA /* Pods-Cogito-CogitoTests.release.xcconfig */ = {isa = PBXFileReference; includeInIndex = 1; lastKnownFileType = text.xcconfig; name = "Pods-Cogito-CogitoTests.release.xcconfig"; path = "Pods/Target Support Files/Pods-Cogito-CogitoTests/Pods-Cogito-CogitoTests.release.xcconfig"; sourceTree = "<group>"; };
		C00B51FAEC4359E68AB1FA33 /* KeyStoreStateSpec.swift */ = {isa = PBXFileReference; fileEncoding = 4; lastKnownFileType = sourcecode.swift; path = KeyStoreStateSpec.swift; sourceTree = "<group>"; };
/* End PBXFileReference section */

/* Begin PBXFrameworksBuildPhase section */
		027603E81F6ACD1600788B0A /* Frameworks */ = {
			isa = PBXFrameworksBuildPhase;
			buildActionMask = 2147483647;
			files = (
				C5BA5E19747B73A161EF0D57 /* Pods_Cogito.framework in Frameworks */,
			);
			runOnlyForDeploymentPostprocessing = 0;
		};
		027603FC1F6ACD1600788B0A /* Frameworks */ = {
			isa = PBXFrameworksBuildPhase;
			buildActionMask = 2147483647;
			files = (
				D0885FE16CB0CF89FA9AE774 /* Pods_Cogito_CogitoTests.framework in Frameworks */,
			);
			runOnlyForDeploymentPostprocessing = 0;
		};
/* End PBXFrameworksBuildPhase section */

/* Begin PBXGroup section */
		027603E21F6ACD1600788B0A = {
			isa = PBXGroup;
			children = (
				0276040E1F6BFF6D00788B0A /* Readme.md */,
				027603ED1F6ACD1600788B0A /* Cogito */,
				027604021F6ACD1600788B0A /* CogitoTests */,
				027603EC1F6ACD1600788B0A /* Products */,
				889FB079C347A157FEFC695F /* Pods */,
				8A1300A8F9378A77B9DDFBEA /* Frameworks */,
			);
			sourceTree = "<group>";
		};
		027603EC1F6ACD1600788B0A /* Products */ = {
			isa = PBXGroup;
			children = (
				027603EB1F6ACD1600788B0A /* Cogito.app */,
				027603FF1F6ACD1600788B0A /* CogitoTests.xctest */,
			);
			name = Products;
			sourceTree = "<group>";
		};
		027603ED1F6ACD1600788B0A /* Cogito */ = {
			isa = PBXGroup;
			children = (
				028F4EF21F7CE37E0015C4AF /* Global state */,
				028F4EF01F7CE22D0015C4AF /* Geth state */,
				0298D4331F7A45040070998D /* Geth */,
				02E792371F6FFDF000DC5973 /* Key store */,
				028F4EF71F7D34030015C4AF /* Create identity */,
				027603EE1F6ACD1600788B0A /* AppDelegate.swift */,
				027603F01F6ACD1600788B0A /* ViewController.swift */,
				027603F21F6ACD1600788B0A /* Main.storyboard */,
				027603F51F6ACD1600788B0A /* Assets.xcassets */,
				027603F71F6ACD1600788B0A /* LaunchScreen.storyboard */,
				027603FA1F6ACD1600788B0A /* Info.plist */,
			);
			path = Cogito;
			sourceTree = "<group>";
		};
		027604021F6ACD1600788B0A /* CogitoTests */ = {
			isa = PBXGroup;
			children = (
				028F4EF31F7CE3A10015C4AF /* Global */,
				028F4EF11F7CE25F0015C4AF /* Geth state */,
				0298D4321F7A44EF0070998D /* Geth */,
				02E792361F6FFDD600DC5973 /* Key store */,
				028F4EF81F7D340D0015C4AF /* Create identity */,
				0292451C1F7AA3B100F2C0C1 /* AppStateHelper.swift */,
				027604051F6ACD1600788B0A /* Info.plist */,
				028F4EF41F7CF7EB0015C4AF /* ViewControllerSpec.swift */,
			);
			path = CogitoTests;
			sourceTree = "<group>";
		};
		028F4EF01F7CE22D0015C4AF /* Geth state */ = {
			isa = PBXGroup;
			children = (
				029245131F7AA00C00F2C0C1 /* GethActions.swift */,
				029245161F7AA13F00F2C0C1 /* GethReducer.swift */,
				029245191F7AA17300F2C0C1 /* GethState.swift */,
			);
			path = "Geth state";
			sourceTree = "<group>";
		};
		028F4EF11F7CE25F0015C4AF /* Geth state */ = {
			isa = PBXGroup;
			children = (
				028F4EEB1F7AA64D0015C4AF /* GethReducerSpec.swift */,
			);
			path = "Geth state";
			sourceTree = "<group>";
		};
		028F4EF21F7CE37E0015C4AF /* Global state */ = {
			isa = PBXGroup;
			children = (
				02E792341F6FFBFF00DC5973 /* AppStore.swift */,
				02E792301F6FFBAD00DC5973 /* AppState.swift */,
				02E792321F6FFBF700DC5973 /* AppReducer.swift */,
				02CD30A31F73F251006BA756 /* StorePersister.swift */,
				02CD80571F7E30D100AA5C3A /* ActionLogger.swift */,
			);
			path = "Global state";
			sourceTree = "<group>";
		};
		028F4EF31F7CE3A10015C4AF /* Global */ = {
			isa = PBXGroup;
			children = (
				02CD30A51F73F27B006BA756 /* StorePersisterSpec.swift */,
			);
			path = Global;
			sourceTree = "<group>";
		};
		028F4EF71F7D34030015C4AF /* Create identity */ = {
			isa = PBXGroup;
			children = (
				028F4EF91F7D34280015C4AF /* CreateIdentityViewController.swift */,
				028F4EFC1F7D3B5C0015C4AF /* CreateIdentityActions.swift */,
				028F4EFF1F7D3B640015C4AF /* CreateIdentityState.swift */,
				028F4F021F7D3B6C0015C4AF /* CreateIdentityReducer.swift */,
			);
			path = "Create identity";
			sourceTree = "<group>";
		};
		028F4EF81F7D340D0015C4AF /* Create identity */ = {
			isa = PBXGroup;
			children = (
				028F4F051F7D3ED60015C4AF /* CreateIdentityViewControllerSpec.swift */,
				02CD80531F7D494900AA5C3A /* CreateIdentityReducerSpec.swift */,
				022124181F82238D005A668A /* CreateIdentityActionsSpec.swift */,
			);
			path = "Create identity";
			sourceTree = "<group>";
		};
		0298D4321F7A44EF0070998D /* Geth */ = {
			isa = PBXGroup;
			children = (
				0298D4341F7A45150070998D /* GethSpec.swift */,
				02BE32C81F7A4DF9006C7287 /* PeerReporterSpec.swift */,
				02BE32CD1F7A5C55006C7287 /* SyncProgressReporterSpec.swift */,
			);
			path = Geth;
			sourceTree = "<group>";
		};
		0298D4331F7A45040070998D /* Geth */ = {
			isa = PBXGroup;
			children = (
				02BE32D21F7A8165006C7287 /* EthereumClient.swift */,
				0298D4361F7A45680070998D /* Geth.swift */,
				0298D4391F7A46A30070998D /* Node.swift */,
				02BE32CA1F7A511A006C7287 /* PeerReporter.swift */,
				028F4EED1F7CE12A0015C4AF /* SyncProgress.swift */,
				02BE32CF1F7A6D92006C7287 /* SyncProgressReporter.swift */,
			);
			path = Geth;
			sourceTree = "<group>";
		};
		02E792361F6FFDD600DC5973 /* Key store */ = {
			isa = PBXGroup;
			children = (
				02E792381F6FFE1100DC5973 /* KeyStoreActionsSpec.swift */,
				0205E36C1F716251003A9787 /* KeyStoreReducerSpec.swift */,
				C00B51FAEC4359E68AB1FA33 /* KeyStoreStateSpec.swift */,
			);
			path = "Key store";
			sourceTree = "<group>";
		};
		02E792371F6FFDF000DC5973 /* Key store */ = {
			isa = PBXGroup;
			children = (
				0205E3661F7012E1003A9787 /* KeyStore.swift */,
				0205E3681F71481C003A9787 /* KeyStoreActions.swift */,
				029691521F7166AC00654BD0 /* KeyStoreReducer.swift */,
				029691541F7166EE00654BD0 /* KeyStoreState.swift */,
			);
			path = "Key store";
			sourceTree = "<group>";
		};
		889FB079C347A157FEFC695F /* Pods */ = {
			isa = PBXGroup;
			children = (
				522B6D6F55AAD6AA150A5F61 /* Pods-Cogito.debug.xcconfig */,
				4E01CAF19EC1DDC9775320D9 /* Pods-Cogito.release.xcconfig */,
				2DA9DD4F7CAA535BF4E32B61 /* Pods-Cogito-CogitoTests.debug.xcconfig */,
				A51C652F88A1C505BE309FCA /* Pods-Cogito-CogitoTests.release.xcconfig */,
			);
			name = Pods;
			sourceTree = "<group>";
		};
		8A1300A8F9378A77B9DDFBEA /* Frameworks */ = {
			isa = PBXGroup;
			children = (
				8BD916EEEB5AFF9DB177462D /* Pods_Cogito.framework */,
				53940EFC96526AFDFA7CD5FC /* Pods_Cogito_CogitoTests.framework */,
			);
			name = Frameworks;
			sourceTree = "<group>";
		};
/* End PBXGroup section */

/* Begin PBXNativeTarget section */
		027603EA1F6ACD1600788B0A /* Cogito */ = {
			isa = PBXNativeTarget;
			buildConfigurationList = 027604081F6ACD1600788B0A /* Build configuration list for PBXNativeTarget "Cogito" */;
			buildPhases = (
				C78BF98DF663A3C00BA78BB2 /* [CP] Check Pods Manifest.lock */,
				027603E71F6ACD1600788B0A /* Sources */,
				027603E81F6ACD1600788B0A /* Frameworks */,
				027603E91F6ACD1600788B0A /* Resources */,
				029691511F71658D00654BD0 /* SwiftLint */,
				7B5F40710DAB739E7275C4E4 /* [CP] Embed Pods Frameworks */,
				22D8781890BCD9AE4C19EEBE /* [CP] Copy Pods Resources */,
			);
			buildRules = (
			);
			dependencies = (
			);
			name = Cogito;
			productName = Cogito;
			productReference = 027603EB1F6ACD1600788B0A /* Cogito.app */;
			productType = "com.apple.product-type.application";
		};
		027603FE1F6ACD1600788B0A /* CogitoTests */ = {
			isa = PBXNativeTarget;
			buildConfigurationList = 0276040B1F6ACD1600788B0A /* Build configuration list for PBXNativeTarget "CogitoTests" */;
			buildPhases = (
				3DAC0EEB432729CCD7FD8706 /* [CP] Check Pods Manifest.lock */,
				027603FB1F6ACD1600788B0A /* Sources */,
				027603FC1F6ACD1600788B0A /* Frameworks */,
				027603FD1F6ACD1600788B0A /* Resources */,
				83250509529CE2DF74DB4EAE /* [CP] Embed Pods Frameworks */,
				4BBA542D635AD572EDC11541 /* [CP] Copy Pods Resources */,
			);
			buildRules = (
			);
			dependencies = (
				027604011F6ACD1600788B0A /* PBXTargetDependency */,
			);
			name = CogitoTests;
			productName = CogitoTests;
			productReference = 027603FF1F6ACD1600788B0A /* CogitoTests.xctest */;
			productType = "com.apple.product-type.bundle.unit-test";
		};
/* End PBXNativeTarget section */

/* Begin PBXProject section */
		027603E31F6ACD1600788B0A /* Project object */ = {
			isa = PBXProject;
			attributes = {
				LastSwiftUpdateCheck = 0900;
				LastUpgradeCheck = 0900;
				ORGANIZATIONNAME = "Koninklijke Philips Nederland N.V.";
				TargetAttributes = {
					027603EA1F6ACD1600788B0A = {
						CreatedOnToolsVersion = 9.0;
						ProvisioningStyle = Automatic;
					};
					027603FE1F6ACD1600788B0A = {
						CreatedOnToolsVersion = 9.0;
						LastSwiftMigration = 0900;
						ProvisioningStyle = Automatic;
					};
				};
			};
			buildConfigurationList = 027603E61F6ACD1600788B0A /* Build configuration list for PBXProject "Cogito" */;
			compatibilityVersion = "Xcode 8.0";
			developmentRegion = en;
			hasScannedForEncodings = 0;
			knownRegions = (
				en,
				Base,
			);
			mainGroup = 027603E21F6ACD1600788B0A;
			productRefGroup = 027603EC1F6ACD1600788B0A /* Products */;
			projectDirPath = "";
			projectRoot = "";
			targets = (
				027603EA1F6ACD1600788B0A /* Cogito */,
				027603FE1F6ACD1600788B0A /* CogitoTests */,
			);
		};
/* End PBXProject section */

/* Begin PBXResourcesBuildPhase section */
		027603E91F6ACD1600788B0A /* Resources */ = {
			isa = PBXResourcesBuildPhase;
			buildActionMask = 2147483647;
			files = (
				027603F91F6ACD1600788B0A /* LaunchScreen.storyboard in Resources */,
				027603F61F6ACD1600788B0A /* Assets.xcassets in Resources */,
				027603F41F6ACD1600788B0A /* Main.storyboard in Resources */,
			);
			runOnlyForDeploymentPostprocessing = 0;
		};
		027603FD1F6ACD1600788B0A /* Resources */ = {
			isa = PBXResourcesBuildPhase;
			buildActionMask = 2147483647;
			files = (
				028F4EF61F7CF8330015C4AF /* Main.storyboard in Resources */,
			);
			runOnlyForDeploymentPostprocessing = 0;
		};
/* End PBXResourcesBuildPhase section */

/* Begin PBXShellScriptBuildPhase section */
		029691511F71658D00654BD0 /* SwiftLint */ = {
			isa = PBXShellScriptBuildPhase;
			buildActionMask = 2147483647;
			files = (
			);
			inputPaths = (
			);
			name = SwiftLint;
			outputPaths = (
			);
			runOnlyForDeploymentPostprocessing = 0;
			shellPath = /bin/sh;
			shellScript = "${PODS_ROOT}/SwiftLint/swiftlint";
		};
		22D8781890BCD9AE4C19EEBE /* [CP] Copy Pods Resources */ = {
			isa = PBXShellScriptBuildPhase;
			buildActionMask = 2147483647;
			files = (
			);
			inputPaths = (
			);
			name = "[CP] Copy Pods Resources";
			outputPaths = (
			);
			runOnlyForDeploymentPostprocessing = 0;
			shellPath = /bin/sh;
			shellScript = "\"${SRCROOT}/Pods/Target Support Files/Pods-Cogito/Pods-Cogito-resources.sh\"\n";
			showEnvVarsInLog = 0;
		};
		3DAC0EEB432729CCD7FD8706 /* [CP] Check Pods Manifest.lock */ = {
			isa = PBXShellScriptBuildPhase;
			buildActionMask = 2147483647;
			files = (
			);
			inputPaths = (
				"${PODS_PODFILE_DIR_PATH}/Podfile.lock",
				"${PODS_ROOT}/Manifest.lock",
			);
			name = "[CP] Check Pods Manifest.lock";
			outputPaths = (
				"$(DERIVED_FILE_DIR)/Pods-Cogito-CogitoTests-checkManifestLockResult.txt",
			);
			runOnlyForDeploymentPostprocessing = 0;
			shellPath = /bin/sh;
			shellScript = "diff \"${PODS_PODFILE_DIR_PATH}/Podfile.lock\" \"${PODS_ROOT}/Manifest.lock\" > /dev/null\nif [ $? != 0 ] ; then\n    # print error to STDERR\n    echo \"error: The sandbox is not in sync with the Podfile.lock. Run 'pod install' or update your CocoaPods installation.\" >&2\n    exit 1\nfi\n# This output is used by Xcode 'outputs' to avoid re-running this script phase.\necho \"SUCCESS\" > \"${SCRIPT_OUTPUT_FILE_0}\"\n";
			showEnvVarsInLog = 0;
		};
		4BBA542D635AD572EDC11541 /* [CP] Copy Pods Resources */ = {
			isa = PBXShellScriptBuildPhase;
			buildActionMask = 2147483647;
			files = (
			);
			inputPaths = (
			);
			name = "[CP] Copy Pods Resources";
			outputPaths = (
			);
			runOnlyForDeploymentPostprocessing = 0;
			shellPath = /bin/sh;
			shellScript = "\"${SRCROOT}/Pods/Target Support Files/Pods-Cogito-CogitoTests/Pods-Cogito-CogitoTests-resources.sh\"\n";
			showEnvVarsInLog = 0;
		};
		7B5F40710DAB739E7275C4E4 /* [CP] Embed Pods Frameworks */ = {
			isa = PBXShellScriptBuildPhase;
			buildActionMask = 2147483647;
			files = (
			);
			inputPaths = (
				"${SRCROOT}/Pods/Target Support Files/Pods-Cogito/Pods-Cogito-frameworks.sh",
				"${BUILT_PRODUCTS_DIR}/KeychainAccess/KeychainAccess.framework",
				"${BUILT_PRODUCTS_DIR}/ReRxSwift/ReRxSwift.framework",
				"${BUILT_PRODUCTS_DIR}/ReSwift/ReSwift.framework",
				"${BUILT_PRODUCTS_DIR}/ReSwiftThunk/ReSwiftThunk.framework",
				"${BUILT_PRODUCTS_DIR}/RxCocoa/RxCocoa.framework",
				"${BUILT_PRODUCTS_DIR}/RxSwift/RxSwift.framework",
			);
			name = "[CP] Embed Pods Frameworks";
			outputPaths = (
				"${TARGET_BUILD_DIR}/${FRAMEWORKS_FOLDER_PATH}/KeychainAccess.framework",
				"${TARGET_BUILD_DIR}/${FRAMEWORKS_FOLDER_PATH}/ReRxSwift.framework",
				"${TARGET_BUILD_DIR}/${FRAMEWORKS_FOLDER_PATH}/ReSwift.framework",
				"${TARGET_BUILD_DIR}/${FRAMEWORKS_FOLDER_PATH}/ReSwiftThunk.framework",
				"${TARGET_BUILD_DIR}/${FRAMEWORKS_FOLDER_PATH}/RxCocoa.framework",
				"${TARGET_BUILD_DIR}/${FRAMEWORKS_FOLDER_PATH}/RxSwift.framework",
			);
			runOnlyForDeploymentPostprocessing = 0;
			shellPath = /bin/sh;
			shellScript = "\"${SRCROOT}/Pods/Target Support Files/Pods-Cogito/Pods-Cogito-frameworks.sh\"\n";
			showEnvVarsInLog = 0;
		};
		83250509529CE2DF74DB4EAE /* [CP] Embed Pods Frameworks */ = {
			isa = PBXShellScriptBuildPhase;
			buildActionMask = 2147483647;
			files = (
			);
			inputPaths = (
				"${SRCROOT}/Pods/Target Support Files/Pods-Cogito-CogitoTests/Pods-Cogito-CogitoTests-frameworks.sh",
				"${BUILT_PRODUCTS_DIR}/KeychainAccess/KeychainAccess.framework",
				"${BUILT_PRODUCTS_DIR}/ReRxSwift/ReRxSwift.framework",
				"${BUILT_PRODUCTS_DIR}/ReSwift/ReSwift.framework",
				"${BUILT_PRODUCTS_DIR}/ReSwiftThunk/ReSwiftThunk.framework",
				"${BUILT_PRODUCTS_DIR}/RxCocoa/RxCocoa.framework",
				"${BUILT_PRODUCTS_DIR}/RxSwift/RxSwift.framework",
				"${BUILT_PRODUCTS_DIR}/Nimble/Nimble.framework",
				"${BUILT_PRODUCTS_DIR}/Quick/Quick.framework",
			);
			name = "[CP] Embed Pods Frameworks";
			outputPaths = (
				"${TARGET_BUILD_DIR}/${FRAMEWORKS_FOLDER_PATH}/KeychainAccess.framework",
				"${TARGET_BUILD_DIR}/${FRAMEWORKS_FOLDER_PATH}/ReRxSwift.framework",
				"${TARGET_BUILD_DIR}/${FRAMEWORKS_FOLDER_PATH}/ReSwift.framework",
				"${TARGET_BUILD_DIR}/${FRAMEWORKS_FOLDER_PATH}/ReSwiftThunk.framework",
				"${TARGET_BUILD_DIR}/${FRAMEWORKS_FOLDER_PATH}/RxCocoa.framework",
				"${TARGET_BUILD_DIR}/${FRAMEWORKS_FOLDER_PATH}/RxSwift.framework",
				"${TARGET_BUILD_DIR}/${FRAMEWORKS_FOLDER_PATH}/Nimble.framework",
				"${TARGET_BUILD_DIR}/${FRAMEWORKS_FOLDER_PATH}/Quick.framework",
			);
			runOnlyForDeploymentPostprocessing = 0;
			shellPath = /bin/sh;
			shellScript = "\"${SRCROOT}/Pods/Target Support Files/Pods-Cogito-CogitoTests/Pods-Cogito-CogitoTests-frameworks.sh\"\n";
			showEnvVarsInLog = 0;
		};
		C78BF98DF663A3C00BA78BB2 /* [CP] Check Pods Manifest.lock */ = {
			isa = PBXShellScriptBuildPhase;
			buildActionMask = 2147483647;
			files = (
			);
			inputPaths = (
				"${PODS_PODFILE_DIR_PATH}/Podfile.lock",
				"${PODS_ROOT}/Manifest.lock",
			);
			name = "[CP] Check Pods Manifest.lock";
			outputPaths = (
				"$(DERIVED_FILE_DIR)/Pods-Cogito-checkManifestLockResult.txt",
			);
			runOnlyForDeploymentPostprocessing = 0;
			shellPath = /bin/sh;
			shellScript = "diff \"${PODS_PODFILE_DIR_PATH}/Podfile.lock\" \"${PODS_ROOT}/Manifest.lock\" > /dev/null\nif [ $? != 0 ] ; then\n    # print error to STDERR\n    echo \"error: The sandbox is not in sync with the Podfile.lock. Run 'pod install' or update your CocoaPods installation.\" >&2\n    exit 1\nfi\n# This output is used by Xcode 'outputs' to avoid re-running this script phase.\necho \"SUCCESS\" > \"${SCRIPT_OUTPUT_FILE_0}\"\n";
			showEnvVarsInLog = 0;
		};
/* End PBXShellScriptBuildPhase section */

/* Begin PBXSourcesBuildPhase section */
		027603E71F6ACD1600788B0A /* Sources */ = {
			isa = PBXSourcesBuildPhase;
			buildActionMask = 2147483647;
			files = (
				029691531F7166AC00654BD0 /* KeyStoreReducer.swift in Sources */,
				02CD30A41F73F251006BA756 /* StorePersister.swift in Sources */,
				029245171F7AA13F00F2C0C1 /* GethReducer.swift in Sources */,
				0298D4371F7A45680070998D /* Geth.swift in Sources */,
				0298D43A1F7A46A30070998D /* Node.swift in Sources */,
				028F4F001F7D3B640015C4AF /* CreateIdentityState.swift in Sources */,
				02E792311F6FFBAD00DC5973 /* AppState.swift in Sources */,
				029245141F7AA00C00F2C0C1 /* GethActions.swift in Sources */,
				028F4EFD1F7D3B5C0015C4AF /* CreateIdentityActions.swift in Sources */,
				0205E3671F7012E1003A9787 /* KeyStore.swift in Sources */,
				02BE32D01F7A6D92006C7287 /* SyncProgressReporter.swift in Sources */,
				0292451A1F7AA17300F2C0C1 /* GethState.swift in Sources */,
				02E792351F6FFC0000DC5973 /* AppStore.swift in Sources */,
				028F4F031F7D3B6C0015C4AF /* CreateIdentityReducer.swift in Sources */,
				02BE32D31F7A8165006C7287 /* EthereumClient.swift in Sources */,
				0205E3691F71481C003A9787 /* KeyStoreActions.swift in Sources */,
				027603F11F6ACD1600788B0A /* ViewController.swift in Sources */,
				02E792331F6FFBF700DC5973 /* AppReducer.swift in Sources */,
				02CD80581F7E30D100AA5C3A /* ActionLogger.swift in Sources */,
				029691551F7166EE00654BD0 /* KeyStoreState.swift in Sources */,
				02BE32CB1F7A511A006C7287 /* PeerReporter.swift in Sources */,
				027603EF1F6ACD1600788B0A /* AppDelegate.swift in Sources */,
				028F4EFA1F7D34280015C4AF /* CreateIdentityViewController.swift in Sources */,
				028F4EEE1F7CE12A0015C4AF /* SyncProgress.swift in Sources */,
			);
			runOnlyForDeploymentPostprocessing = 0;
		};
		027603FB1F6ACD1600788B0A /* Sources */ = {
			isa = PBXSourcesBuildPhase;
			buildActionMask = 2147483647;
			files = (
				02BE32CE1F7A5C55006C7287 /* SyncProgressReporterSpec.swift in Sources */,
				028F4EF51F7CF7EB0015C4AF /* ViewControllerSpec.swift in Sources */,
				029245151F7AA00C00F2C0C1 /* GethActions.swift in Sources */,
				0298D42F1F7A43C90070998D /* ViewController.swift in Sources */,
				0292451B1F7AA17300F2C0C1 /* GethState.swift in Sources */,
				028F4F061F7D3ED60015C4AF /* CreateIdentityViewControllerSpec.swift in Sources */,
				02BE32D11F7A6DD0006C7287 /* SyncProgressReporter.swift in Sources */,
				028F4EEC1F7AA64D0015C4AF /* GethReducerSpec.swift in Sources */,
				0298D4291F7A43C90070998D /* KeyStoreReducer.swift in Sources */,
				02CD80541F7D494900AA5C3A /* CreateIdentityReducerSpec.swift in Sources */,
				0298D4351F7A45150070998D /* GethSpec.swift in Sources */,
				028F4EFB1F7D34280015C4AF /* CreateIdentityViewController.swift in Sources */,
				028F4F011F7D3B640015C4AF /* CreateIdentityState.swift in Sources */,
				02BE32D41F7A8165006C7287 /* EthereumClient.swift in Sources */,
				0298D42A1F7A43C90070998D /* KeyStoreState.swift in Sources */,
				02CD30A61F73F27B006BA756 /* StorePersisterSpec.swift in Sources */,
				0298D42C1F7A43C90070998D /* AppState.swift in Sources */,
				02E792391F6FFE1100DC5973 /* KeyStoreActionsSpec.swift in Sources */,
				0205E36D1F716251003A9787 /* KeyStoreReducerSpec.swift in Sources */,
				0298D42D1F7A43C90070998D /* AppReducer.swift in Sources */,
				022124191F82238D005A668A /* CreateIdentityActionsSpec.swift in Sources */,
				0298D4271F7A43C90070998D /* KeyStore.swift in Sources */,
				02BE32CC1F7A511D006C7287 /* PeerReporter.swift in Sources */,
				0298D4381F7A456A0070998D /* Geth.swift in Sources */,
				02BE32C91F7A4DF9006C7287 /* PeerReporterSpec.swift in Sources */,
				02CD80591F7E318100AA5C3A /* ActionLogger.swift in Sources */,
				0298D43B1F7A47890070998D /* Node.swift in Sources */,
				C00B558B846161B2B4EC795F /* KeyStoreStateSpec.swift in Sources */,
				0298D42E1F7A43C90070998D /* StorePersister.swift in Sources */,
				0292451D1F7AA3B100F2C0C1 /* AppStateHelper.swift in Sources */,
				028F4EFE1F7D3B5C0015C4AF /* CreateIdentityActions.swift in Sources */,
				0298D42B1F7A43C90070998D /* AppStore.swift in Sources */,
				0298D4281F7A43C90070998D /* KeyStoreActions.swift in Sources */,
				029245181F7AA13F00F2C0C1 /* GethReducer.swift in Sources */,
				028F4F041F7D3B6C0015C4AF /* CreateIdentityReducer.swift in Sources */,
				028F4EEF1F7CE12A0015C4AF /* SyncProgress.swift in Sources */,
			);
			runOnlyForDeploymentPostprocessing = 0;
		};
/* End PBXSourcesBuildPhase section */

/* Begin PBXTargetDependency section */
		027604011F6ACD1600788B0A /* PBXTargetDependency */ = {
			isa = PBXTargetDependency;
			target = 027603EA1F6ACD1600788B0A /* Cogito */;
			targetProxy = 027604001F6ACD1600788B0A /* PBXContainerItemProxy */;
		};
/* End PBXTargetDependency section */

/* Begin PBXVariantGroup section */
		027603F21F6ACD1600788B0A /* Main.storyboard */ = {
			isa = PBXVariantGroup;
			children = (
				027603F31F6ACD1600788B0A /* Base */,
			);
			name = Main.storyboard;
			sourceTree = "<group>";
		};
		027603F71F6ACD1600788B0A /* LaunchScreen.storyboard */ = {
			isa = PBXVariantGroup;
			children = (
				027603F81F6ACD1600788B0A /* Base */,
			);
			name = LaunchScreen.storyboard;
			sourceTree = "<group>";
		};
/* End PBXVariantGroup section */

/* Begin XCBuildConfiguration section */
		027604061F6ACD1600788B0A /* Debug */ = {
			isa = XCBuildConfiguration;
			buildSettings = {
				ALWAYS_SEARCH_USER_PATHS = NO;
				CLANG_ANALYZER_NONNULL = YES;
				CLANG_ANALYZER_NUMBER_OBJECT_CONVERSION = YES_AGGRESSIVE;
				CLANG_CXX_LANGUAGE_STANDARD = "gnu++14";
				CLANG_CXX_LIBRARY = "libc++";
				CLANG_ENABLE_MODULES = YES;
				CLANG_ENABLE_OBJC_ARC = YES;
				CLANG_WARN_BLOCK_CAPTURE_AUTORELEASING = YES;
				CLANG_WARN_BOOL_CONVERSION = YES;
				CLANG_WARN_COMMA = YES;
				CLANG_WARN_CONSTANT_CONVERSION = YES;
				CLANG_WARN_DIRECT_OBJC_ISA_USAGE = YES_ERROR;
				CLANG_WARN_DOCUMENTATION_COMMENTS = YES;
				CLANG_WARN_EMPTY_BODY = YES;
				CLANG_WARN_ENUM_CONVERSION = YES;
				CLANG_WARN_INFINITE_RECURSION = YES;
				CLANG_WARN_INT_CONVERSION = YES;
				CLANG_WARN_NON_LITERAL_NULL_CONVERSION = YES;
				CLANG_WARN_OBJC_LITERAL_CONVERSION = YES;
				CLANG_WARN_OBJC_ROOT_CLASS = YES_ERROR;
				CLANG_WARN_RANGE_LOOP_ANALYSIS = YES;
				CLANG_WARN_STRICT_PROTOTYPES = YES;
				CLANG_WARN_SUSPICIOUS_MOVE = YES;
				CLANG_WARN_UNGUARDED_AVAILABILITY = YES_AGGRESSIVE;
				CLANG_WARN_UNREACHABLE_CODE = YES;
				CLANG_WARN__DUPLICATE_METHOD_MATCH = YES;
				CODE_SIGN_IDENTITY = "iPhone Developer";
				COPY_PHASE_STRIP = NO;
				DEBUG_INFORMATION_FORMAT = dwarf;
				ENABLE_STRICT_OBJC_MSGSEND = YES;
				ENABLE_TESTABILITY = YES;
				GCC_C_LANGUAGE_STANDARD = gnu11;
				GCC_DYNAMIC_NO_PIC = NO;
				GCC_NO_COMMON_BLOCKS = YES;
				GCC_OPTIMIZATION_LEVEL = 0;
				GCC_PREPROCESSOR_DEFINITIONS = (
					"DEBUG=1",
					"$(inherited)",
				);
				GCC_WARN_64_TO_32_BIT_CONVERSION = YES;
				GCC_WARN_ABOUT_RETURN_TYPE = YES_ERROR;
				GCC_WARN_UNDECLARED_SELECTOR = YES;
				GCC_WARN_UNINITIALIZED_AUTOS = YES_AGGRESSIVE;
				GCC_WARN_UNUSED_FUNCTION = YES;
				GCC_WARN_UNUSED_VARIABLE = YES;
				IPHONEOS_DEPLOYMENT_TARGET = 10.3;
				MTL_ENABLE_DEBUG_INFO = YES;
				ONLY_ACTIVE_ARCH = YES;
				RUN_CLANG_STATIC_ANALYZER = YES;
				SDKROOT = iphoneos;
				SWIFT_ACTIVE_COMPILATION_CONDITIONS = DEBUG;
				SWIFT_OPTIMIZATION_LEVEL = "-Onone";
			};
			name = Debug;
		};
		027604071F6ACD1600788B0A /* Release */ = {
			isa = XCBuildConfiguration;
			buildSettings = {
				ALWAYS_SEARCH_USER_PATHS = NO;
				CLANG_ANALYZER_NONNULL = YES;
				CLANG_ANALYZER_NUMBER_OBJECT_CONVERSION = YES_AGGRESSIVE;
				CLANG_CXX_LANGUAGE_STANDARD = "gnu++14";
				CLANG_CXX_LIBRARY = "libc++";
				CLANG_ENABLE_MODULES = YES;
				CLANG_ENABLE_OBJC_ARC = YES;
				CLANG_WARN_BLOCK_CAPTURE_AUTORELEASING = YES;
				CLANG_WARN_BOOL_CONVERSION = YES;
				CLANG_WARN_COMMA = YES;
				CLANG_WARN_CONSTANT_CONVERSION = YES;
				CLANG_WARN_DIRECT_OBJC_ISA_USAGE = YES_ERROR;
				CLANG_WARN_DOCUMENTATION_COMMENTS = YES;
				CLANG_WARN_EMPTY_BODY = YES;
				CLANG_WARN_ENUM_CONVERSION = YES;
				CLANG_WARN_INFINITE_RECURSION = YES;
				CLANG_WARN_INT_CONVERSION = YES;
				CLANG_WARN_NON_LITERAL_NULL_CONVERSION = YES;
				CLANG_WARN_OBJC_LITERAL_CONVERSION = YES;
				CLANG_WARN_OBJC_ROOT_CLASS = YES_ERROR;
				CLANG_WARN_RANGE_LOOP_ANALYSIS = YES;
				CLANG_WARN_STRICT_PROTOTYPES = YES;
				CLANG_WARN_SUSPICIOUS_MOVE = YES;
				CLANG_WARN_UNGUARDED_AVAILABILITY = YES_AGGRESSIVE;
				CLANG_WARN_UNREACHABLE_CODE = YES;
				CLANG_WARN__DUPLICATE_METHOD_MATCH = YES;
				CODE_SIGN_IDENTITY = "iPhone Developer";
				COPY_PHASE_STRIP = NO;
				DEBUG_INFORMATION_FORMAT = "dwarf-with-dsym";
				ENABLE_NS_ASSERTIONS = NO;
				ENABLE_STRICT_OBJC_MSGSEND = YES;
				GCC_C_LANGUAGE_STANDARD = gnu11;
				GCC_NO_COMMON_BLOCKS = YES;
				GCC_WARN_64_TO_32_BIT_CONVERSION = YES;
				GCC_WARN_ABOUT_RETURN_TYPE = YES_ERROR;
				GCC_WARN_UNDECLARED_SELECTOR = YES;
				GCC_WARN_UNINITIALIZED_AUTOS = YES_AGGRESSIVE;
				GCC_WARN_UNUSED_FUNCTION = YES;
				GCC_WARN_UNUSED_VARIABLE = YES;
				IPHONEOS_DEPLOYMENT_TARGET = 10.3;
				MTL_ENABLE_DEBUG_INFO = NO;
				RUN_CLANG_STATIC_ANALYZER = YES;
				SDKROOT = iphoneos;
				SWIFT_OPTIMIZATION_LEVEL = "-Owholemodule";
				VALIDATE_PRODUCT = YES;
			};
			name = Release;
		};
		027604091F6ACD1600788B0A /* Debug */ = {
			isa = XCBuildConfiguration;
			baseConfigurationReference = 522B6D6F55AAD6AA150A5F61 /* Pods-Cogito.debug.xcconfig */;
			buildSettings = {
				ASSETCATALOG_COMPILER_APPICON_NAME = AppIcon;
				CODE_SIGN_STYLE = Automatic;
				DEVELOPMENT_TEAM = MWTEZ4CYM6;
				ENABLE_BITCODE = NO;
				INFOPLIST_FILE = Cogito/Info.plist;
				LD_RUNPATH_SEARCH_PATHS = "$(inherited) @executable_path/Frameworks";
				PRODUCT_BUNDLE_IDENTIFIER = com.philips.Cogito;
				PRODUCT_NAME = "$(TARGET_NAME)";
				SWIFT_VERSION = 4.0;
				TARGETED_DEVICE_FAMILY = "1,2";
			};
			name = Debug;
		};
		0276040A1F6ACD1600788B0A /* Release */ = {
			isa = XCBuildConfiguration;
			baseConfigurationReference = 4E01CAF19EC1DDC9775320D9 /* Pods-Cogito.release.xcconfig */;
			buildSettings = {
				ASSETCATALOG_COMPILER_APPICON_NAME = AppIcon;
				CODE_SIGN_STYLE = Automatic;
				DEVELOPMENT_TEAM = MWTEZ4CYM6;
				ENABLE_BITCODE = NO;
				INFOPLIST_FILE = Cogito/Info.plist;
				LD_RUNPATH_SEARCH_PATHS = "$(inherited) @executable_path/Frameworks";
				PRODUCT_BUNDLE_IDENTIFIER = com.philips.Cogito;
				PRODUCT_NAME = "$(TARGET_NAME)";
				SWIFT_VERSION = 4.0;
				TARGETED_DEVICE_FAMILY = "1,2";
			};
			name = Release;
		};
		0276040C1F6ACD1600788B0A /* Debug */ = {
			isa = XCBuildConfiguration;
			baseConfigurationReference = 2DA9DD4F7CAA535BF4E32B61 /* Pods-Cogito-CogitoTests.debug.xcconfig */;
			buildSettings = {
				ALWAYS_EMBED_SWIFT_STANDARD_LIBRARIES = YES;
				CLANG_ENABLE_MODULES = YES;
				CODE_SIGN_STYLE = Automatic;
				DEVELOPMENT_TEAM = MWTEZ4CYM6;
				INFOPLIST_FILE = CogitoTests/Info.plist;
				LD_RUNPATH_SEARCH_PATHS = "$(inherited) @executable_path/Frameworks @loader_path/Frameworks";
				PRODUCT_BUNDLE_IDENTIFIER = com.philips.CogitoTests;
				PRODUCT_NAME = "$(TARGET_NAME)";
				SWIFT_OPTIMIZATION_LEVEL = "-Onone";
				SWIFT_VERSION = 4.0;
				TARGETED_DEVICE_FAMILY = "1,2";
			};
			name = Debug;
		};
		0276040D1F6ACD1600788B0A /* Release */ = {
			isa = XCBuildConfiguration;
			baseConfigurationReference = A51C652F88A1C505BE309FCA /* Pods-Cogito-CogitoTests.release.xcconfig */;
			buildSettings = {
				ALWAYS_EMBED_SWIFT_STANDARD_LIBRARIES = YES;
				CLANG_ENABLE_MODULES = YES;
				CODE_SIGN_STYLE = Automatic;
				DEVELOPMENT_TEAM = MWTEZ4CYM6;
				INFOPLIST_FILE = CogitoTests/Info.plist;
				LD_RUNPATH_SEARCH_PATHS = "$(inherited) @executable_path/Frameworks @loader_path/Frameworks";
				PRODUCT_BUNDLE_IDENTIFIER = com.philips.CogitoTests;
				PRODUCT_NAME = "$(TARGET_NAME)";
				SWIFT_VERSION = 4.0;
				TARGETED_DEVICE_FAMILY = "1,2";
			};
			name = Release;
		};
/* End XCBuildConfiguration section */

/* Begin XCConfigurationList section */
		027603E61F6ACD1600788B0A /* Build configuration list for PBXProject "Cogito" */ = {
			isa = XCConfigurationList;
			buildConfigurations = (
				027604061F6ACD1600788B0A /* Debug */,
				027604071F6ACD1600788B0A /* Release */,
			);
			defaultConfigurationIsVisible = 0;
			defaultConfigurationName = Release;
		};
		027604081F6ACD1600788B0A /* Build configuration list for PBXNativeTarget "Cogito" */ = {
			isa = XCConfigurationList;
			buildConfigurations = (
				027604091F6ACD1600788B0A /* Debug */,
				0276040A1F6ACD1600788B0A /* Release */,
			);
			defaultConfigurationIsVisible = 0;
			defaultConfigurationName = Release;
		};
		0276040B1F6ACD1600788B0A /* Build configuration list for PBXNativeTarget "CogitoTests" */ = {
			isa = XCConfigurationList;
			buildConfigurations = (
				0276040C1F6ACD1600788B0A /* Debug */,
				0276040D1F6ACD1600788B0A /* Release */,
			);
			defaultConfigurationIsVisible = 0;
			defaultConfigurationName = Release;
		};
/* End XCConfigurationList section */
	};
	rootObject = 027603E31F6ACD1600788B0A /* Project object */;
}
