PODS:
  - Differentiator (3.0.1)
  - FontAwesome.swift (1.3.1)
  - Geth (1.7.1)
  - JWTDecode (2.1.1)
  - KeychainAccess (3.1.0)
  - Mockingjay (2.0.2):
    - Mockingjay/Core (= 2.0.2)
    - Mockingjay/XCTest (= 2.0.2)
  - Mockingjay/Core (2.0.2):
    - URITemplate (~> 2.0.2)
  - Mockingjay/XCTest (2.0.2):
    - Mockingjay/Core
  - Nimble (7.0.2)
  - QRCodeReader.swift (8.0.2)
  - Quick (1.2.0)
  - ReRxSwift (1.1.0):
    - ReSwift (~> 4.0)
    - RxCocoa (~> 4.0)
    - RxSwift (~> 4.0)
  - ReSwift (4.0.0)
  - ReSwiftThunk (0.1.1):
    - ReSwift (~> 4.0)
  - RichString (2.0.0)
  - RxCocoa (4.0.0):
    - RxSwift (~> 4.0)
  - RxDataSources (3.0.1):
    - Differentiator (~> 3.0)
    - RxCocoa (~> 4.0)
    - RxSwift (~> 4.0)
  - RxSwift (4.0.0)
  - Sodium (0.6)
  - SwiftLint (0.21.0)
  - Telepath (0.1.0):
    - Sodium (~> 0.5)
  - URITemplate (2.0.2)

DEPENDENCIES:
  - FontAwesome.swift (~> 1.3)
  - Geth (~> 1.7.1)
  - JWTDecode (~> 2.1)
  - KeychainAccess (~> 3.1)
  - Mockingjay (from `https://github.com/metaltoad/Mockingjay.git`, branch `mt-swift4`)
  - Nimble (from `https://github.com/Quick/Nimble`)
  - QRCodeReader.swift (~> 8.0)
  - Quick (from `https://github.com/Quick/Quick`)
  - ReRxSwift (~> 1.1)
  - ReSwift (from `https://github.com/ReSwift/ReSwift`, branch `master`)
  - ReSwiftThunk (from `https://github.com/mikecole20/ReSwiftThunk.git`, branch `swift4.0`)
  - RichString (~> 2.0)
  - RxCocoa (~> 4.0)
  - RxDataSources (~> 3.0)
  - RxSwift (~> 4.0)
  - SwiftLint (= 0.21.0)
  - Telepath (from `https://gitlab.ta.philips.com/blockchain-lab/telepath-ios.git`)
  - URITemplate

EXTERNAL SOURCES:
  Mockingjay:
    :branch: mt-swift4
    :git: https://github.com/metaltoad/Mockingjay.git
  Nimble:
    :git: https://github.com/Quick/Nimble
  Quick:
    :git: https://github.com/Quick/Quick
  ReSwift:
    :branch: master
    :git: https://github.com/ReSwift/ReSwift
  ReSwiftThunk:
    :branch: swift4.0
    :git: https://github.com/mikecole20/ReSwiftThunk.git
  Telepath:
    :git: https://gitlab.ta.philips.com/blockchain-lab/telepath-ios.git

CHECKOUT OPTIONS:
  Mockingjay:
    :commit: 121eb0ccb0ce282c23926ac78f2759a970e05588
    :git: https://github.com/metaltoad/Mockingjay.git
  Nimble:
    :commit: 38c9ab0846a3fbec308eb2aa9ef68b10a7434eb4
    :git: https://github.com/Quick/Nimble
  Quick:
    :commit: 0ff81f2c665b4381f526bd656f8708dd52a9ea2f
    :git: https://github.com/Quick/Quick
  ReSwift:
    :commit: 7fc23863f00efac4a2bdbac8904d5beac4d98229
    :git: https://github.com/ReSwift/ReSwift
  ReSwiftThunk:
    :commit: 2871ea34c919bbdaa236c870ce7e16242f16ffb0
    :git: https://github.com/mikecole20/ReSwiftThunk.git
  Telepath:
    :commit: 36dcf1feec482c2b3bb399f1d11adf3fcda00169
    :git: https://gitlab.ta.philips.com/blockchain-lab/telepath-ios.git

SPEC CHECKSUMS:
  Differentiator: ffe513ce1ea4e7198b89fac94d6e281c673055a9
  FontAwesome.swift: 050a75c6b94db0b082f39bde5b111c5c64d62a83
  Geth: 5d7ab4565680bc976b81cf8cdab653067807ed01
  JWTDecode: 83e8b381aafe27158d9f692cbdca2b12d61d460c
  KeychainAccess: 94c5540b32eabf7bc32bfb976a268e8ea05fd6da
  Mockingjay: e44b65b6b4b919ad228929db83cb6b1d69fff623
  Nimble: 5c3b8c4b0229d95c2c7b0005e2edf244937dbb04
  QRCodeReader.swift: 823f2e02867df25e7ae32034a16ea60e6bb218e4
  Quick: 65081c7ab6eb85f9b65dbecbaf88793ce9ce47bc
  ReRxSwift: 61ffc64fe65b9ec2cc5cf3c064099e8bbd7ba520
  ReSwift: 85cb57267026cf4df4f6b05306bfce8ef74842c0
  ReSwiftThunk: 9b2ed720b51deabb4d49e7b6e76a618d1e4eb6f6
  RichString: 0e87341212a3737686db46b3270c56a219babf0f
  RxCocoa: d62846ca96495d862fa4c59ea7d87e5031d7340e
  RxDataSources: 098b7e62b6316313b14d6bf594e3f4f4f62a238a
  RxSwift: fd680d75283beb5e2559486f3c0ff852f0d35334
  Sodium: bf524b0a3d5ad6870dcf343205cca7e659c15ad5
  SwiftLint: 6de8b2d15f43c482bdec2953b8cfd696faa876e8
  Telepath: 14b8a4ad40df8c1f25ddc49ae7e1db3f1c427b7e
  URITemplate: d822aaa2f8ec9dcffffd13baa58bf9ee007e96cb

PODFILE CHECKSUM: 7fdf87dd0d8fe6755da330256ad789cc3270fceb

COCOAPODS: 1.3.1
