PODS:
  - Branch (0.19.5):
    - Branch/Core (= 0.19.5)
  - Branch/Core (0.19.5)
  - Geth (1.7.1)
  - KeychainAccess (3.1.0)
  - Mockingjay (2.0.2):
    - Mockingjay/Core (= 2.0.2)
    - Mockingjay/XCTest (= 2.0.2)
  - Mockingjay/Core (2.0.2):
    - URITemplate (~> 2.0.2)
  - Mockingjay/XCTest (2.0.2):
    - Mockingjay/Core
  - Nimble (7.0.2)
  - QRCodeReader.swift (8.0.2)
  - Quick (1.2.0)
  - ReRxSwift (0.1.0):
    - ReSwift (~> 4.0)
    - RxCocoa (~> 4.0.0-alpha.1)
    - RxSwift (~> 4.0.0-alpha.1)
  - ReSwift (4.0.0)
  - ReSwiftThunk (0.1.1):
    - ReSwift (~> 4.0)
  - RxCocoa (4.0.0-beta.1):
    - RxSwift (~> 4.0.0-beta.1)
  - RxSwift (4.0.0-beta.1)
  - Sodium (0.5)
  - SwiftLint (0.21.0)
  - Telepath (0.1.0):
    - Sodium (~> 0.5)
  - URITemplate (2.0.2)

DEPENDENCIES:
  - Branch
  - Geth (~> 1.7.1)
  - KeychainAccess (~> 3.1)
  - Mockingjay (from `https://github.com/metaltoad/Mockingjay.git`, branch `mt-swift4`)
  - Nimble (from `https://github.com/Quick/Nimble`)
  - QRCodeReader.swift (~> 8.0)
  - Quick (from `https://github.com/Quick/Quick`)
  - ReRxSwift (from `https://github.com/svdo/ReRxSwift`, branch `master`)
  - ReSwift (from `https://github.com/ReSwift/ReSwift`, branch `master`)
  - ReSwiftThunk (from `https://github.com/mikecole20/ReSwiftThunk.git`, branch `swift4.0`)
  - RxCocoa (from `https://github.com/ReactiveX/RxSwift`, branch `rxswift4.0-swift4.0`)
  - RxSwift (from `https://github.com/ReactiveX/RxSwift`, branch `rxswift4.0-swift4.0`)
  - SwiftLint (= 0.21.0)
  - Telepath (from `https://gitlab.ta.philips.com/blockchain-lab/telepath-ios.git`)
  - URITemplate

EXTERNAL SOURCES:
  Mockingjay:
    :branch: mt-swift4
    :git: https://github.com/metaltoad/Mockingjay.git
  Nimble:
    :git: https://github.com/Quick/Nimble
  Quick:
    :git: https://github.com/Quick/Quick
  ReRxSwift:
    :branch: master
    :git: https://github.com/svdo/ReRxSwift
  ReSwift:
    :branch: master
    :git: https://github.com/ReSwift/ReSwift
  ReSwiftThunk:
    :branch: swift4.0
    :git: https://github.com/mikecole20/ReSwiftThunk.git
  RxCocoa:
    :branch: rxswift4.0-swift4.0
    :git: https://github.com/ReactiveX/RxSwift
  RxSwift:
    :branch: rxswift4.0-swift4.0
    :git: https://github.com/ReactiveX/RxSwift
  Telepath:
    :git: https://gitlab.ta.philips.com/blockchain-lab/telepath-ios.git

CHECKOUT OPTIONS:
  Mockingjay:
    :commit: 121eb0ccb0ce282c23926ac78f2759a970e05588
    :git: https://github.com/metaltoad/Mockingjay.git
  Nimble:
    :commit: 38c9ab0846a3fbec308eb2aa9ef68b10a7434eb4
    :git: https://github.com/Quick/Nimble
  Quick:
    :commit: 0ff81f2c665b4381f526bd656f8708dd52a9ea2f
    :git: https://github.com/Quick/Quick
  ReRxSwift:
    :commit: 6a0711ec2e8561a36aee9c655ffe5cacbcc00cde
    :git: https://github.com/svdo/ReRxSwift
  ReSwift:
    :commit: 7fc23863f00efac4a2bdbac8904d5beac4d98229
    :git: https://github.com/ReSwift/ReSwift
  ReSwiftThunk:
    :commit: 2871ea34c919bbdaa236c870ce7e16242f16ffb0
    :git: https://github.com/mikecole20/ReSwiftThunk.git
  RxCocoa:
    :commit: aacfcc894bd3bc3ea1b03d483720973ea0e02905
    :git: https://github.com/ReactiveX/RxSwift
  RxSwift:
    :commit: aacfcc894bd3bc3ea1b03d483720973ea0e02905
    :git: https://github.com/ReactiveX/RxSwift
  Telepath:
    :commit: 2b4f7f9fded8bd73c1c820ad70998f389cf4ee15
    :git: https://gitlab.ta.philips.com/blockchain-lab/telepath-ios.git

SPEC CHECKSUMS:
  Branch: 25312ed2f58a569df58e6560238433c2a9d58e99
  Geth: 5d7ab4565680bc976b81cf8cdab653067807ed01
  KeychainAccess: 94c5540b32eabf7bc32bfb976a268e8ea05fd6da
  Mockingjay: e44b65b6b4b919ad228929db83cb6b1d69fff623
  Nimble: 5c3b8c4b0229d95c2c7b0005e2edf244937dbb04
  QRCodeReader.swift: 823f2e02867df25e7ae32034a16ea60e6bb218e4
  Quick: 65081c7ab6eb85f9b65dbecbaf88793ce9ce47bc
  ReRxSwift: 43e87ce023d32c9de72c03dd9b5381b49933e48a
  ReSwift: 85cb57267026cf4df4f6b05306bfce8ef74842c0
  ReSwiftThunk: 9b2ed720b51deabb4d49e7b6e76a618d1e4eb6f6
  RxCocoa: 009b86b0b158d4a7e4a5fc29bbdc0688c44fa3bb
  RxSwift: 9488787dfac649ffc1c4fddf3a3b4d6823d0b392
  Sodium: a3a17f2ba2dc1b83547e13db0075e7c5d426fc55
  SwiftLint: 6de8b2d15f43c482bdec2953b8cfd696faa876e8
  Telepath: 14b8a4ad40df8c1f25ddc49ae7e1db3f1c427b7e
  URITemplate: d822aaa2f8ec9dcffffd13baa58bf9ee007e96cb

PODFILE CHECKSUM: fe31d6812b257c9fc482e4f5d5d0c081ba92c2a6

COCOAPODS: 1.3.1
