PODS:
  - Nimble (7.3.4)
  - Quick (1.3.4)

DEPENDENCIES:
  - Nimble (~> 7.1)
  - Quick (~> 1.3)

SPEC REPOS:
  https://github.com/cocoapods/specs.git:
    - Nimble
    - Quick

SPEC CHECKSUMS:
  Nimble: 051e3d8912d40138fa5591c78594f95fb172af37
  Quick: f4f7f063c524394c73ed93ac70983c609805d481

PODFILE CHECKSUM: 582611b504b26d72b705056c59cd95bf68860fe9

COCOAPODS: 1.6.1
