PODS:
  - base64url (1.0.0)
  - Mockingjay (2.0.2):
    - Mockingjay/Core (= 2.0.2)
    - Mockingjay/XCTest (= 2.0.2)
  - Mockingjay/Core (2.0.2):
    - URITemplate (~> 2.0.2)
  - Mockingjay/XCTest (2.0.2):
    - Mockingjay/Core
  - Nimble (7.1.1)
  - Quick (1.3.0)
  - Sodium (0.5)
  - STRegex (1.1.0)
  - SwiftLint (0.21.0)
  - URITemplate (2.0.2)

DEPENDENCIES:
  - base64url (~> 1.0)
  - Mockingjay (from `https://github.com/metaltoad/Mockingjay.git`, branch `mt-swift4`)
  - Nimble (~> 7.1)
  - Quick (~> 1.3)
  - Sodium (~> 0.5)
  - STRegex (~> 1.1)
  - SwiftLint (= 0.21.0)

SPEC REPOS:
  https://github.com/CocoaPods/Specs.git:
    - base64url
    - Nimble
    - Quick
    - Sodium
    - STRegex
    - SwiftLint
    - URITemplate

EXTERNAL SOURCES:
  Mockingjay:
    :branch: mt-swift4
    :git: https://github.com/metaltoad/Mockingjay.git

CHECKOUT OPTIONS:
  Mockingjay:
    :commit: 121eb0ccb0ce282c23926ac78f2759a970e05588
    :git: https://github.com/metaltoad/Mockingjay.git

SPEC CHECKSUMS:
  base64url: 5b31be020705fcbedf88ef82af8039ce5c8c25de
  Mockingjay: e44b65b6b4b919ad228929db83cb6b1d69fff623
  Nimble: 391f07782af4b37914f9bd7b2ffbb952731b8202
  Quick: 03278013f71aa05fe9ecabc94fbcc6835f1ee76f
  Sodium: a3a17f2ba2dc1b83547e13db0075e7c5d426fc55
  STRegex: eb1f4c2fe9e2f0265b8df8634774cd8cd8914018
  SwiftLint: 6de8b2d15f43c482bdec2953b8cfd696faa876e8
  URITemplate: d822aaa2f8ec9dcffffd13baa58bf9ee007e96cb

PODFILE CHECKSUM: b002a3b36623d11edd65dd401904bc09bc61a603

COCOAPODS: 1.5.0
