PODS:
  - base64url (1.1.0)
  - Mockingjay (2.0.2):
    - Mockingjay/Core (= 2.0.2)
    - Mockingjay/XCTest (= 2.0.2)
  - Mockingjay/Core (2.0.2):
    - URITemplate (~> 2.0.2)
  - Mockingjay/XCTest (2.0.2):
    - Mockingjay/Core
  - Nimble (7.3.4)
  - Quick (1.3.4)
  - Socket.IO-Client-Swift (13.4.0):
    - Starscream (~> 3.0.2)
  - Sodium (0.7.0)
  - Starscream (3.0.6)
  - STRegex (2.0.0)
  - SwiftLint (0.31.0)
  - URITemplate (2.0.3)

DEPENDENCIES:
  - base64url (~> 1.0)
  - Mockingjay (from `https://github.com/metaltoad/Mockingjay.git`, branch `mt-swift4`)
  - Nimble (~> 7.1)
  - Quick (~> 1.3)
  - Socket.IO-Client-Swift (~> 13.3)
  - Sodium (from `https://github.com/jedisct1/swift-sodium.git`, branch `master`)
  - STRegex (~> 2.0)
  - SwiftLint

SPEC REPOS:
  https://github.com/cocoapods/specs.git:
    - base64url
    - Nimble
    - Quick
    - Socket.IO-Client-Swift
    - Starscream
    - STRegex
    - SwiftLint
    - URITemplate

EXTERNAL SOURCES:
  Mockingjay:
    :branch: mt-swift4
    :git: https://github.com/metaltoad/Mockingjay.git
  Sodium:
    :branch: master
    :git: https://github.com/jedisct1/swift-sodium.git

CHECKOUT OPTIONS:
  Mockingjay:
    :commit: 121eb0ccb0ce282c23926ac78f2759a970e05588
    :git: https://github.com/metaltoad/Mockingjay.git
  Sodium:
    :commit: b1363c6e6e4e5925494adde6a051d0d10665f924
    :git: https://github.com/jedisct1/swift-sodium.git

SPEC CHECKSUMS:
  base64url: 92e81bb256f2070359a34fc93a7a7d4b9a9d689f
  Mockingjay: e44b65b6b4b919ad228929db83cb6b1d69fff623
  Nimble: 051e3d8912d40138fa5591c78594f95fb172af37
  Quick: f4f7f063c524394c73ed93ac70983c609805d481
  Socket.IO-Client-Swift: 2b2720f14c92ff1237ced09bc2f2da2022624fee
  Sodium: c9f8ec9fd5f1754f354f06dbbb32d44337f6661e
  Starscream: ef3ece99d765eeccb67de105bfa143f929026cf5
  STRegex: dc7c8082a77c521315a6339f86abf125b8c3feb8
  SwiftLint: 7a0227733d786395817373b2d0ca799fd0093ff3
  URITemplate: ace0c4c46dcf8afe6e89b4060621852886b15c3b

PODFILE CHECKSUM: b422f6f614dcf2cb600058b1e45c02cdd76af3db

COCOAPODS: 1.6.1
