PODS:
  - base64url (1.0.0)
  - BigInt (3.1.0):
    - SipHash (~> 1.2)
  - Differentiator (3.1.0)
  - FontAwesome.swift (1.4.4)
  - Geth (1.7.3)
  - JWTDecode (2.1.1)
  - KeychainAccess (3.1.1)
  - Mockingjay (2.0.1):
    - Mockingjay/Core (= 2.0.1)
    - Mockingjay/XCTest (= 2.0.1)
  - Mockingjay/Core (2.0.1):
    - URITemplate (~> 2.0)
  - Mockingjay/XCTest (2.0.1):
    - Mockingjay/Core
  - Nimble (7.3.0)
  - QRCodeReader.swift (8.2.0)
  - Quick (1.3.1)
  - ReRxSwift (1.2.2):
    - ReSwift (~> 4.0)
    - RxCocoa (~> 4.0)
    - RxSwift (~> 4.0)
  - ReSwift (4.0.1)
  - ReSwiftThunk (0.1.1):
    - ReSwift (~> 4.0)
  - RichString (2.1.0)
  - RxCocoa (4.3.0):
    - RxSwift (~> 4.0)
  - RxDataSources (3.1.0):
    - Differentiator (~> 3.0)
    - RxCocoa (~> 4.0)
    - RxSwift (~> 4.0)
  - RxSwift (4.3.0)
  - SipHash (1.2.2)
  - Sodium (0.6)
  - SwiftLint (0.27.0)
  - SwiftyJSON (4.1.0)
  - Telepath (0.1.0):
    - base64url (~> 1.0)
    - Sodium (~> 0.6)
  - Toast-Swift (3.0.1)
  - URITemplate (2.0.3)

DEPENDENCIES:
  - base64url (~> 1.0)
  - BigInt (~> 3.0)
  - FontAwesome.swift (~> 1.3)
  - Geth (~> 1.7.1)
  - JWTDecode (~> 2.1)
  - KeychainAccess (~> 3.1)
  - Mockingjay (~> 2.0)
  - Nimble (~> 7.0)
  - QRCodeReader.swift (~> 8.0)
  - Quick (~> 1.2)
  - ReRxSwift (~> 1.1)
  - ReSwift (~> 4.0)
  - ReSwiftThunk (from `https://github.com/mikecole20/ReSwiftThunk.git`, branch `swift4.0`)
  - RichString (~> 2.0)
  - RxCocoa (~> 4.0)
  - RxDataSources (~> 3.0)
  - RxSwift (~> 4.0)
  - Sodium (from `https://github.com/jedisct1/swift-sodium.git`, branch `master`)
  - SwiftLint (= 0.27.0)
  - SwiftyJSON (~> 4.0)
  - Telepath (from `../telepath-ios`)
  - Toast-Swift (~> 3.0)
  - URITemplate

SPEC REPOS:
  https://github.com/cocoapods/specs.git:
    - base64url
    - BigInt
    - Differentiator
    - FontAwesome.swift
    - Geth
    - JWTDecode
    - KeychainAccess
    - Mockingjay
    - Nimble
    - QRCodeReader.swift
    - Quick
    - ReRxSwift
    - ReSwift
    - RichString
    - RxCocoa
    - RxDataSources
    - RxSwift
    - SipHash
    - SwiftLint
    - SwiftyJSON
    - Toast-Swift
    - URITemplate

EXTERNAL SOURCES:
  ReSwiftThunk:
    :branch: swift4.0
    :git: https://github.com/mikecole20/ReSwiftThunk.git
  Sodium:
    :branch: master
    :git: https://github.com/jedisct1/swift-sodium.git
  Telepath:
    :path: "../telepath-ios"

CHECKOUT OPTIONS:
  ReSwiftThunk:
    :commit: 2871ea34c919bbdaa236c870ce7e16242f16ffb0
    :git: https://github.com/mikecole20/ReSwiftThunk.git
  Sodium:
    :commit: acabedbaaced5c7d3d71d627fa134fd52234849a
    :git: https://github.com/jedisct1/swift-sodium.git

SPEC CHECKSUMS:
  base64url: 5b31be020705fcbedf88ef82af8039ce5c8c25de
  BigInt: 76b5dfdfa3e2e478d4ffdf161aeede5502e2742f
  Differentiator: be49ca3408f0ecfc761e4c7763d20c62be01b9ad
  FontAwesome.swift: 17b93524b9f61136a8566344517b8556ed584e87
  Geth: 45a08eeef7a20e58dfc09a455563ffe210941a96
  JWTDecode: 83e8b381aafe27158d9f692cbdca2b12d61d460c
  KeychainAccess: 7bd430028059754a3debab3cfc0bd1fc7fb85df3
  Mockingjay: 11a621880d2887f1775bdcf824341eb68f218450
  Nimble: c8d6a1f463701921c46de965c673e13cafa09196
  QRCodeReader.swift: 003eb32f18a5a675b936ec82ba0ff368cddbff45
  Quick: d17304d58d0d169dd0bd1c6e5c28e3318de32a1a
  ReRxSwift: f442fb438094237a2918f9345709a31b2a64a9cd
  ReSwift: f4012c613e13da7398827fe5aebdb938eaed40a3
  ReSwiftThunk: 9b2ed720b51deabb4d49e7b6e76a618d1e4eb6f6
  RichString: 10acd3e3bfd248c3e6f5ec84ef6d6ad125ab4ab2
  RxCocoa: 71b9cce833fbcb89a8eec11816dd225830c2bd3c
  RxDataSources: a843bad90c29817f5923ec8163f4af2de084ceb3
  RxSwift: a9717a34df3179fe63563f76e046ad345078dd3a
  SipHash: fad90a4683e420c52ef28063063dbbce248ea6d4
  Sodium: 3cd000dc8d21be5d448fbb4366a7b1c9392b1ae6
  SwiftLint: 3207c1faa2240bf8973b191820a116113cd11073
  SwiftyJSON: c29297daf073d2aa016295d5809cdd68045c39b3
  Telepath: b84e1b4e4550bfc3f579be84d9302125ecbdc3b8
  Toast-Swift: ba0b01b095aada709d915f9beb1d38184a2721c3
  URITemplate: ace0c4c46dcf8afe6e89b4060621852886b15c3b

PODFILE CHECKSUM: a03b8217c6569446c7184d1e93bf77c89360badb

COCOAPODS: 1.5.3
