PODS:
  - base64url (1.1.0)
  - BigInt (3.1.0):
    - SipHash (~> 1.2)
  - Differentiator (3.1.0)
  - FontAwesome.swift (1.6.0)
  - JWTDecode (2.2.0)
  - KeychainAccess (3.1.2)
  - Mockingjay (2.0.1):
    - Mockingjay/Core (= 2.0.1)
    - Mockingjay/XCTest (= 2.0.1)
  - Mockingjay/Core (2.0.1):
    - URITemplate (~> 2.0)
  - Mockingjay/XCTest (2.0.1):
    - Mockingjay/Core
  - Nimble (7.3.4)
  - QRCodeReader.swift (10.0.0)
  - Quick (1.3.4)
  - ReRxSwift (2.0.0):
    - ReSwift (~> 4.0)
    - RxCocoa (~> 4.0)
    - RxSwift (~> 4.0)
  - ReSwift (4.1.1)
  - ReSwiftThunk (1.1.0):
    - ReSwift (~> 4.0)
  - RichString (2.2.0)
  - RxAtomic (4.4.2)
  - RxCocoa (4.4.2):
    - RxSwift (>= 4.4.2, ~> 4.4)
  - RxDataSources (3.1.0):
    - Differentiator (~> 3.0)
    - RxCocoa (~> 4.0)
    - RxSwift (~> 4.0)
  - RxSwift (4.4.2):
    - RxAtomic (>= 4.4.2, ~> 4.4)
  - SipHash (1.2.2)
  - Socket.IO-Client-Swift (13.4.0):
    - Starscream (~> 3.0.2)
  - Sodium (0.7.0)
  - Starscream (3.0.6)
  - SwiftLint (0.27.0)
  - SwiftyJSON (4.2.0)
  - Telepath (0.2.0):
    - base64url (~> 1.0)
    - Socket.IO-Client-Swift (~> 13.3)
    - Sodium (~> 0.6)
  - Toast-Swift (4.0.1)
  - URITemplate (2.0.3)

DEPENDENCIES:
  - base64url (~> 1.0)
  - BigInt (~> 3.0)
  - FontAwesome.swift (~> 1.3)
  - JWTDecode (~> 2.1)
  - KeychainAccess (~> 3.1)
  - Mockingjay (~> 2.0)
  - Nimble (~> 7.0)
  - QRCodeReader.swift (~> 10.0)
  - Quick (~> 1.2)
  - ReRxSwift (~> 2.0)
  - ReSwift (~> 4.0)
  - ReSwiftThunk (~> 1.0)
  - RichString (~> 2.2)
  - RxCocoa (~> 4.0)
  - RxDataSources (~> 3.0)
  - RxSwift (~> 4.0)
  - Sodium (from `https://github.com/jedisct1/swift-sodium.git`, branch `master`)
  - SwiftLint (= 0.27.0)
  - SwiftyJSON (~> 4.0)
  - Telepath (from `../telepath-ios`)
  - Toast-Swift (~> 4.0)
  - URITemplate

SPEC REPOS:
  https://github.com/cocoapods/specs.git:
    - base64url
    - BigInt
    - Differentiator
    - FontAwesome.swift
    - JWTDecode
    - KeychainAccess
    - Mockingjay
    - Nimble
    - QRCodeReader.swift
    - Quick
    - ReRxSwift
    - ReSwift
    - ReSwiftThunk
    - RichString
    - RxAtomic
    - RxCocoa
    - RxDataSources
    - RxSwift
    - SipHash
    - Socket.IO-Client-Swift
    - Starscream
    - SwiftLint
    - SwiftyJSON
    - Toast-Swift
    - URITemplate

EXTERNAL SOURCES:
  Sodium:
    :branch: master
    :git: https://github.com/jedisct1/swift-sodium.git
  Telepath:
    :path: "../telepath-ios"

CHECKOUT OPTIONS:
  Sodium:
    :commit: adc2c117bedf186cb4cdcd64c5b93b7f1f55e185
    :git: https://github.com/jedisct1/swift-sodium.git

SPEC CHECKSUMS:
  base64url: 92e81bb256f2070359a34fc93a7a7d4b9a9d689f
  BigInt: 76b5dfdfa3e2e478d4ffdf161aeede5502e2742f
  Differentiator: be49ca3408f0ecfc761e4c7763d20c62be01b9ad
  FontAwesome.swift: 71a422e7b209ee940c7c21a5d13964ecf2897ca4
  JWTDecode: 85a405ab16d5473e99bd89ded1d535090ebd6a0e
  KeychainAccess: b3816fddcf28aa29d94b10ec305cd52be14c472b
  Mockingjay: 11a621880d2887f1775bdcf824341eb68f218450
  Nimble: 051e3d8912d40138fa5591c78594f95fb172af37
  QRCodeReader.swift: 74d0378eb0c7807828552b49626bbc8307495aee
  Quick: f4f7f063c524394c73ed93ac70983c609805d481
  ReRxSwift: a01b6dc4e9febabfa8c74b97bf8b38bd2007af5b
  ReSwift: d925be0033558f55bd73d92869961230dfe19d52
  ReSwiftThunk: 727c1549dbd2949472e1c72bec44b1008d7c4f92
  RichString: a23d0edf6b1a8b92efc6065fe7ba0ef6d5c3a63d
  RxAtomic: d00e97c10db88c6f08540e0bf2752fc5a2404167
  RxCocoa: 477990dc3b4c3ff55fb0ac77e1cc06244e0aaec8
  RxDataSources: a843bad90c29817f5923ec8163f4af2de084ceb3
  RxSwift: 74c29b693c8e42b0f64400e8b06564575742d649
  SipHash: fad90a4683e420c52ef28063063dbbce248ea6d4
  Socket.IO-Client-Swift: 2b2720f14c92ff1237ced09bc2f2da2022624fee
  Sodium: c9f8ec9fd5f1754f354f06dbbb32d44337f6661e
  Starscream: ef3ece99d765eeccb67de105bfa143f929026cf5
  SwiftLint: 3207c1faa2240bf8973b191820a116113cd11073
  SwiftyJSON: c4bcba26dd9ec7a027fc8eade48e2c911f229e96
  Telepath: fb253c156ed60cad62695b52c93f1aabb1b77138
  Toast-Swift: e42a638589a2f95036b4bb7626cfbdde7daf0393
  URITemplate: ace0c4c46dcf8afe6e89b4060621852886b15c3b

PODFILE CHECKSUM: abe7719297781d4640291b8a9c7f71b5bc1bee4d

COCOAPODS: 1.6.1
