// !$*UTF8*$!
{
	archiveVersion = 1;
	classes = {
	};
	objectVersion = 50;
	objects = {

/* Begin PBXBuildFile section */
		02425F322195CAC900587FE3 /* AppDelegate.swift in Sources */ = {isa = PBXBuildFile; fileRef = 02425F312195CAC900587FE3 /* AppDelegate.swift */; };
		02425F342195CAC900587FE3 /* ViewController.swift in Sources */ = {isa = PBXBuildFile; fileRef = 02425F332195CAC900587FE3 /* ViewController.swift */; };
		02425F372195CAC900587FE3 /* Main.storyboard in Resources */ = {isa = PBXBuildFile; fileRef = 02425F352195CAC900587FE3 /* Main.storyboard */; };
		02425F392195CACA00587FE3 /* Assets.xcassets in Resources */ = {isa = PBXBuildFile; fileRef = 02425F382195CACA00587FE3 /* Assets.xcassets */; };
		02425F3C2195CACA00587FE3 /* LaunchScreen.storyboard in Resources */ = {isa = PBXBuildFile; fileRef = 02425F3A2195CACA00587FE3 /* LaunchScreen.storyboard */; };
		02425F442195D36500587FE3 /* TelepathHandler.swift in Sources */ = {isa = PBXBuildFile; fileRef = 02425F432195D36500587FE3 /* TelepathHandler.swift */; };
		04E9D4FA948B6AB549246DD3 /* Pods_Telepath_Demo_App.framework in Frameworks */ = {isa = PBXBuildFile; fileRef = A82FF1303E4B197845534E4F /* Pods_Telepath_Demo_App.framework */; };
/* End PBXBuildFile section */

/* Begin PBXFileReference section */
		02425F2E2195CAC900587FE3 /* Telepath Demo App.app */ = {isa = PBXFileReference; explicitFileType = wrapper.application; includeInIndex = 0; path = "Telepath Demo App.app"; sourceTree = BUILT_PRODUCTS_DIR; };
		02425F312195CAC900587FE3 /* AppDelegate.swift */ = {isa = PBXFileReference; lastKnownFileType = sourcecode.swift; path = AppDelegate.swift; sourceTree = "<group>"; };
		02425F332195CAC900587FE3 /* ViewController.swift */ = {isa = PBXFileReference; lastKnownFileType = sourcecode.swift; path = ViewController.swift; sourceTree = "<group>"; };
		02425F362195CAC900587FE3 /* Base */ = {isa = PBXFileReference; lastKnownFileType = file.storyboard; name = Base; path = Base.lproj/Main.storyboard; sourceTree = "<group>"; };
		02425F382195CACA00587FE3 /* Assets.xcassets */ = {isa = PBXFileReference; lastKnownFileType = folder.assetcatalog; path = Assets.xcassets; sourceTree = "<group>"; };
		02425F3B2195CACA00587FE3 /* Base */ = {isa = PBXFileReference; lastKnownFileType = file.storyboard; name = Base; path = Base.lproj/LaunchScreen.storyboard; sourceTree = "<group>"; };
		02425F3D2195CACA00587FE3 /* Info.plist */ = {isa = PBXFileReference; lastKnownFileType = text.plist.xml; path = Info.plist; sourceTree = "<group>"; };
		02425F432195D36500587FE3 /* TelepathHandler.swift */ = {isa = PBXFileReference; lastKnownFileType = sourcecode.swift; path = TelepathHandler.swift; sourceTree = "<group>"; };
		5D68796E460515E4AB9609CF /* Pods-Telepath Demo App.release.xcconfig */ = {isa = PBXFileReference; includeInIndex = 1; lastKnownFileType = text.xcconfig; name = "Pods-Telepath Demo App.release.xcconfig"; path = "Pods/Target Support Files/Pods-Telepath Demo App/Pods-Telepath Demo App.release.xcconfig"; sourceTree = "<group>"; };
		A82FF1303E4B197845534E4F /* Pods_Telepath_Demo_App.framework */ = {isa = PBXFileReference; explicitFileType = wrapper.framework; includeInIndex = 0; path = Pods_Telepath_Demo_App.framework; sourceTree = BUILT_PRODUCTS_DIR; };
		D7E22B944CF1B7505232B839 /* Pods-Telepath Demo App.debug.xcconfig */ = {isa = PBXFileReference; includeInIndex = 1; lastKnownFileType = text.xcconfig; name = "Pods-Telepath Demo App.debug.xcconfig"; path = "Pods/Target Support Files/Pods-Telepath Demo App/Pods-Telepath Demo App.debug.xcconfig"; sourceTree = "<group>"; };
/* End PBXFileReference section */

/* Begin PBXFrameworksBuildPhase section */
		02425F2B2195CAC900587FE3 /* Frameworks */ = {
			isa = PBXFrameworksBuildPhase;
			buildActionMask = 2147483647;
			files = (
				04E9D4FA948B6AB549246DD3 /* Pods_Telepath_Demo_App.framework in Frameworks */,
			);
			runOnlyForDeploymentPostprocessing = 0;
		};
/* End PBXFrameworksBuildPhase section */

/* Begin PBXGroup section */
		02425F252195CAC900587FE3 = {
			isa = PBXGroup;
			children = (
				02425F302195CAC900587FE3 /* Telepath Demo App */,
				02425F2F2195CAC900587FE3 /* Products */,
				85A590FB40A2F153F49FED6A /* Pods */,
				CB5A5B3807056BE7B7ED3632 /* Frameworks */,
			);
			sourceTree = "<group>";
		};
		02425F2F2195CAC900587FE3 /* Products */ = {
			isa = PBXGroup;
			children = (
				02425F2E2195CAC900587FE3 /* Telepath Demo App.app */,
			);
			name = Products;
			sourceTree = "<group>";
		};
		02425F302195CAC900587FE3 /* Telepath Demo App */ = {
			isa = PBXGroup;
			children = (
				02425F312195CAC900587FE3 /* AppDelegate.swift */,
				02425F432195D36500587FE3 /* TelepathHandler.swift */,
				02425F332195CAC900587FE3 /* ViewController.swift */,
				02425F352195CAC900587FE3 /* Main.storyboard */,
				02425F382195CACA00587FE3 /* Assets.xcassets */,
				02425F3A2195CACA00587FE3 /* LaunchScreen.storyboard */,
				02425F3D2195CACA00587FE3 /* Info.plist */,
			);
			path = "Telepath Demo App";
			sourceTree = "<group>";
		};
		85A590FB40A2F153F49FED6A /* Pods */ = {
			isa = PBXGroup;
			children = (
				D7E22B944CF1B7505232B839 /* Pods-Telepath Demo App.debug.xcconfig */,
				5D68796E460515E4AB9609CF /* Pods-Telepath Demo App.release.xcconfig */,
			);
			name = Pods;
			sourceTree = "<group>";
		};
		CB5A5B3807056BE7B7ED3632 /* Frameworks */ = {
			isa = PBXGroup;
			children = (
				A82FF1303E4B197845534E4F /* Pods_Telepath_Demo_App.framework */,
			);
			name = Frameworks;
			sourceTree = "<group>";
		};
/* End PBXGroup section */

/* Begin PBXNativeTarget section */
		02425F2D2195CAC900587FE3 /* Telepath Demo App */ = {
			isa = PBXNativeTarget;
			buildConfigurationList = 02425F402195CACA00587FE3 /* Build configuration list for PBXNativeTarget "Telepath Demo App" */;
			buildPhases = (
				BFA19FDB85252A4C575EE45C /* [CP] Check Pods Manifest.lock */,
				02425F2A2195CAC900587FE3 /* Sources */,
				02425F2B2195CAC900587FE3 /* Frameworks */,
				02425F2C2195CAC900587FE3 /* Resources */,
				690FC39A2C6D497FB161E447 /* [CP] Embed Pods Frameworks */,
			);
			buildRules = (
			);
			dependencies = (
			);
			name = "Telepath Demo App";
			productName = "Telepath Demo App";
			productReference = 02425F2E2195CAC900587FE3 /* Telepath Demo App.app */;
			productType = "com.apple.product-type.application";
		};
/* End PBXNativeTarget section */

/* Begin PBXProject section */
		02425F262195CAC900587FE3 /* Project object */ = {
			isa = PBXProject;
			attributes = {
				LastSwiftUpdateCheck = 1010;
				LastUpgradeCheck = 1010;
				ORGANIZATIONNAME = "Koninklijke Philips Nederland B.V.";
				TargetAttributes = {
					02425F2D2195CAC900587FE3 = {
						CreatedOnToolsVersion = 10.1;
					};
				};
			};
			buildConfigurationList = 02425F292195CAC900587FE3 /* Build configuration list for PBXProject "Telepath Demo App" */;
			compatibilityVersion = "Xcode 9.3";
			developmentRegion = en;
			hasScannedForEncodings = 0;
			knownRegions = (
				en,
				Base,
			);
			mainGroup = 02425F252195CAC900587FE3;
			productRefGroup = 02425F2F2195CAC900587FE3 /* Products */;
			projectDirPath = "";
			projectRoot = "";
			targets = (
				02425F2D2195CAC900587FE3 /* Telepath Demo App */,
			);
		};
/* End PBXProject section */

/* Begin PBXResourcesBuildPhase section */
		02425F2C2195CAC900587FE3 /* Resources */ = {
			isa = PBXResourcesBuildPhase;
			buildActionMask = 2147483647;
			files = (
				02425F3C2195CACA00587FE3 /* LaunchScreen.storyboard in Resources */,
				02425F392195CACA00587FE3 /* Assets.xcassets in Resources */,
				02425F372195CAC900587FE3 /* Main.storyboard in Resources */,
			);
			runOnlyForDeploymentPostprocessing = 0;
		};
/* End PBXResourcesBuildPhase section */

/* Begin PBXShellScriptBuildPhase section */
		690FC39A2C6D497FB161E447 /* [CP] Embed Pods Frameworks */ = {
			isa = PBXShellScriptBuildPhase;
			buildActionMask = 2147483647;
			files = (
			);
			inputFileListPaths = (
			);
			inputPaths = (
				"${PODS_ROOT}/Target Support Files/Pods-Telepath Demo App/Pods-Telepath Demo App-frameworks.sh",
				"${BUILT_PRODUCTS_DIR}/Socket.IO-Client-Swift/SocketIO.framework",
				"${BUILT_PRODUCTS_DIR}/Sodium/Sodium.framework",
				"${BUILT_PRODUCTS_DIR}/Starscream/Starscream.framework",
				"${BUILT_PRODUCTS_DIR}/SwiftyJSON/SwiftyJSON.framework",
				"${BUILT_PRODUCTS_DIR}/Telepath/Telepath.framework",
				"${BUILT_PRODUCTS_DIR}/base64url/base64url.framework",
			);
			name = "[CP] Embed Pods Frameworks";
			outputFileListPaths = (
			);
			outputPaths = (
				"${TARGET_BUILD_DIR}/${FRAMEWORKS_FOLDER_PATH}/SocketIO.framework",
				"${TARGET_BUILD_DIR}/${FRAMEWORKS_FOLDER_PATH}/Sodium.framework",
				"${TARGET_BUILD_DIR}/${FRAMEWORKS_FOLDER_PATH}/Starscream.framework",
				"${TARGET_BUILD_DIR}/${FRAMEWORKS_FOLDER_PATH}/SwiftyJSON.framework",
				"${TARGET_BUILD_DIR}/${FRAMEWORKS_FOLDER_PATH}/Telepath.framework",
				"${TARGET_BUILD_DIR}/${FRAMEWORKS_FOLDER_PATH}/base64url.framework",
			);
			runOnlyForDeploymentPostprocessing = 0;
			shellPath = /bin/sh;
			shellScript = "\"${PODS_ROOT}/Target Support Files/Pods-Telepath Demo App/Pods-Telepath Demo App-frameworks.sh\"\n";
			showEnvVarsInLog = 0;
		};
		BFA19FDB85252A4C575EE45C /* [CP] Check Pods Manifest.lock */ = {
			isa = PBXShellScriptBuildPhase;
			buildActionMask = 2147483647;
			files = (
			);
			inputFileListPaths = (
			);
			inputPaths = (
				"${PODS_PODFILE_DIR_PATH}/Podfile.lock",
				"${PODS_ROOT}/Manifest.lock",
			);
			name = "[CP] Check Pods Manifest.lock";
			outputFileListPaths = (
			);
			outputPaths = (
				"$(DERIVED_FILE_DIR)/Pods-Telepath Demo App-checkManifestLockResult.txt",
			);
			runOnlyForDeploymentPostprocessing = 0;
			shellPath = /bin/sh;
			shellScript = "diff \"${PODS_PODFILE_DIR_PATH}/Podfile.lock\" \"${PODS_ROOT}/Manifest.lock\" > /dev/null\nif [ $? != 0 ] ; then\n    # print error to STDERR\n    echo \"error: The sandbox is not in sync with the Podfile.lock. Run 'pod install' or update your CocoaPods installation.\" >&2\n    exit 1\nfi\n# This output is used by Xcode 'outputs' to avoid re-running this script phase.\necho \"SUCCESS\" > \"${SCRIPT_OUTPUT_FILE_0}\"\n";
			showEnvVarsInLog = 0;
		};
/* End PBXShellScriptBuildPhase section */

/* Begin PBXSourcesBuildPhase section */
		02425F2A2195CAC900587FE3 /* Sources */ = {
			isa = PBXSourcesBuildPhase;
			buildActionMask = 2147483647;
			files = (
				02425F442195D36500587FE3 /* TelepathHandler.swift in Sources */,
				02425F342195CAC900587FE3 /* ViewController.swift in Sources */,
				02425F322195CAC900587FE3 /* AppDelegate.swift in Sources */,
			);
			runOnlyForDeploymentPostprocessing = 0;
		};
/* End PBXSourcesBuildPhase section */

/* Begin PBXVariantGroup section */
		02425F352195CAC900587FE3 /* Main.storyboard */ = {
			isa = PBXVariantGroup;
			children = (
				02425F362195CAC900587FE3 /* Base */,
			);
			name = Main.storyboard;
			sourceTree = "<group>";
		};
		02425F3A2195CACA00587FE3 /* LaunchScreen.storyboard */ = {
			isa = PBXVariantGroup;
			children = (
				02425F3B2195CACA00587FE3 /* Base */,
			);
			name = LaunchScreen.storyboard;
			sourceTree = "<group>";
		};
/* End PBXVariantGroup section */

/* Begin XCBuildConfiguration section */
		02425F3E2195CACA00587FE3 /* Debug */ = {
			isa = XCBuildConfiguration;
			buildSettings = {
				ALWAYS_SEARCH_USER_PATHS = NO;
				CLANG_ANALYZER_NONNULL = YES;
				CLANG_ANALYZER_NUMBER_OBJECT_CONVERSION = YES_AGGRESSIVE;
				CLANG_CXX_LANGUAGE_STANDARD = "gnu++14";
				CLANG_CXX_LIBRARY = "libc++";
				CLANG_ENABLE_MODULES = YES;
				CLANG_ENABLE_OBJC_ARC = YES;
				CLANG_ENABLE_OBJC_WEAK = YES;
				CLANG_WARN_BLOCK_CAPTURE_AUTORELEASING = YES;
				CLANG_WARN_BOOL_CONVERSION = YES;
				CLANG_WARN_COMMA = YES;
				CLANG_WARN_CONSTANT_CONVERSION = YES;
				CLANG_WARN_DEPRECATED_OBJC_IMPLEMENTATIONS = YES;
				CLANG_WARN_DIRECT_OBJC_ISA_USAGE = YES_ERROR;
				CLANG_WARN_DOCUMENTATION_COMMENTS = YES;
				CLANG_WARN_EMPTY_BODY = YES;
				CLANG_WARN_ENUM_CONVERSION = YES;
				CLANG_WARN_INFINITE_RECURSION = YES;
				CLANG_WARN_INT_CONVERSION = YES;
				CLANG_WARN_NON_LITERAL_NULL_CONVERSION = YES;
				CLANG_WARN_OBJC_IMPLICIT_RETAIN_SELF = YES;
				CLANG_WARN_OBJC_LITERAL_CONVERSION = YES;
				CLANG_WARN_OBJC_ROOT_CLASS = YES_ERROR;
				CLANG_WARN_RANGE_LOOP_ANALYSIS = YES;
				CLANG_WARN_STRICT_PROTOTYPES = YES;
				CLANG_WARN_SUSPICIOUS_MOVE = YES;
				CLANG_WARN_UNGUARDED_AVAILABILITY = YES_AGGRESSIVE;
				CLANG_WARN_UNREACHABLE_CODE = YES;
				CLANG_WARN__DUPLICATE_METHOD_MATCH = YES;
				CODE_SIGN_IDENTITY = "iPhone Developer";
				COPY_PHASE_STRIP = NO;
				DEBUG_INFORMATION_FORMAT = dwarf;
				ENABLE_STRICT_OBJC_MSGSEND = YES;
				ENABLE_TESTABILITY = YES;
				GCC_C_LANGUAGE_STANDARD = gnu11;
				GCC_DYNAMIC_NO_PIC = NO;
				GCC_NO_COMMON_BLOCKS = YES;
				GCC_OPTIMIZATION_LEVEL = 0;
				GCC_PREPROCESSOR_DEFINITIONS = (
					"DEBUG=1",
					"$(inherited)",
				);
				GCC_WARN_64_TO_32_BIT_CONVERSION = YES;
				GCC_WARN_ABOUT_RETURN_TYPE = YES_ERROR;
				GCC_WARN_UNDECLARED_SELECTOR = YES;
				GCC_WARN_UNINITIALIZED_AUTOS = YES_AGGRESSIVE;
				GCC_WARN_UNUSED_FUNCTION = YES;
				GCC_WARN_UNUSED_VARIABLE = YES;
				IPHONEOS_DEPLOYMENT_TARGET = 12.1;
				MTL_ENABLE_DEBUG_INFO = INCLUDE_SOURCE;
				MTL_FAST_MATH = YES;
				ONLY_ACTIVE_ARCH = YES;
				SDKROOT = iphoneos;
				SWIFT_ACTIVE_COMPILATION_CONDITIONS = DEBUG;
				SWIFT_OPTIMIZATION_LEVEL = "-Onone";
			};
			name = Debug;
		};
		02425F3F2195CACA00587FE3 /* Release */ = {
			isa = XCBuildConfiguration;
			buildSettings = {
				ALWAYS_SEARCH_USER_PATHS = NO;
				CLANG_ANALYZER_NONNULL = YES;
				CLANG_ANALYZER_NUMBER_OBJECT_CONVERSION = YES_AGGRESSIVE;
				CLANG_CXX_LANGUAGE_STANDARD = "gnu++14";
				CLANG_CXX_LIBRARY = "libc++";
				CLANG_ENABLE_MODULES = YES;
				CLANG_ENABLE_OBJC_ARC = YES;
				CLANG_ENABLE_OBJC_WEAK = YES;
				CLANG_WARN_BLOCK_CAPTURE_AUTORELEASING = YES;
				CLANG_WARN_BOOL_CONVERSION = YES;
				CLANG_WARN_COMMA = YES;
				CLANG_WARN_CONSTANT_CONVERSION = YES;
				CLANG_WARN_DEPRECATED_OBJC_IMPLEMENTATIONS = YES;
				CLANG_WARN_DIRECT_OBJC_ISA_USAGE = YES_ERROR;
				CLANG_WARN_DOCUMENTATION_COMMENTS = YES;
				CLANG_WARN_EMPTY_BODY = YES;
				CLANG_WARN_ENUM_CONVERSION = YES;
				CLANG_WARN_INFINITE_RECURSION = YES;
				CLANG_WARN_INT_CONVERSION = YES;
				CLANG_WARN_NON_LITERAL_NULL_CONVERSION = YES;
				CLANG_WARN_OBJC_IMPLICIT_RETAIN_SELF = YES;
				CLANG_WARN_OBJC_LITERAL_CONVERSION = YES;
				CLANG_WARN_OBJC_ROOT_CLASS = YES_ERROR;
				CLANG_WARN_RANGE_LOOP_ANALYSIS = YES;
				CLANG_WARN_STRICT_PROTOTYPES = YES;
				CLANG_WARN_SUSPICIOUS_MOVE = YES;
				CLANG_WARN_UNGUARDED_AVAILABILITY = YES_AGGRESSIVE;
				CLANG_WARN_UNREACHABLE_CODE = YES;
				CLANG_WARN__DUPLICATE_METHOD_MATCH = YES;
				CODE_SIGN_IDENTITY = "iPhone Developer";
				COPY_PHASE_STRIP = NO;
				DEBUG_INFORMATION_FORMAT = "dwarf-with-dsym";
				ENABLE_NS_ASSERTIONS = NO;
				ENABLE_STRICT_OBJC_MSGSEND = YES;
				GCC_C_LANGUAGE_STANDARD = gnu11;
				GCC_NO_COMMON_BLOCKS = YES;
				GCC_WARN_64_TO_32_BIT_CONVERSION = YES;
				GCC_WARN_ABOUT_RETURN_TYPE = YES_ERROR;
				GCC_WARN_UNDECLARED_SELECTOR = YES;
				GCC_WARN_UNINITIALIZED_AUTOS = YES_AGGRESSIVE;
				GCC_WARN_UNUSED_FUNCTION = YES;
				GCC_WARN_UNUSED_VARIABLE = YES;
				IPHONEOS_DEPLOYMENT_TARGET = 12.1;
				MTL_ENABLE_DEBUG_INFO = NO;
				MTL_FAST_MATH = YES;
				SDKROOT = iphoneos;
				SWIFT_COMPILATION_MODE = wholemodule;
				SWIFT_OPTIMIZATION_LEVEL = "-O";
				VALIDATE_PRODUCT = YES;
			};
			name = Release;
		};
		02425F412195CACA00587FE3 /* Debug */ = {
			isa = XCBuildConfiguration;
			baseConfigurationReference = D7E22B944CF1B7505232B839 /* Pods-Telepath Demo App.debug.xcconfig */;
			buildSettings = {
				ASSETCATALOG_COMPILER_APPICON_NAME = AppIcon;
				CODE_SIGN_STYLE = Automatic;
				DEVELOPMENT_TEAM = MWTEZ4CYM6;
				INFOPLIST_FILE = "Telepath Demo App/Info.plist";
				LD_RUNPATH_SEARCH_PATHS = (
					"$(inherited)",
					"@executable_path/Frameworks",
				);
				PRODUCT_BUNDLE_IDENTIFIER = "com.philips.Telepath-Demo-App";
				PRODUCT_NAME = "$(TARGET_NAME)";
				SWIFT_VERSION = 4.2;
				TARGETED_DEVICE_FAMILY = "1,2";
			};
			name = Debug;
		};
		02425F422195CACA00587FE3 /* Release */ = {
			isa = XCBuildConfiguration;
			baseConfigurationReference = 5D68796E460515E4AB9609CF /* Pods-Telepath Demo App.release.xcconfig */;
			buildSettings = {
				ASSETCATALOG_COMPILER_APPICON_NAME = AppIcon;
				CODE_SIGN_STYLE = Automatic;
				DEVELOPMENT_TEAM = MWTEZ4CYM6;
				INFOPLIST_FILE = "Telepath Demo App/Info.plist";
				LD_RUNPATH_SEARCH_PATHS = (
					"$(inherited)",
					"@executable_path/Frameworks",
				);
				PRODUCT_BUNDLE_IDENTIFIER = "com.philips.Telepath-Demo-App";
				PRODUCT_NAME = "$(TARGET_NAME)";
				SWIFT_VERSION = 4.2;
				TARGETED_DEVICE_FAMILY = "1,2";
			};
			name = Release;
		};
/* End XCBuildConfiguration section */

/* Begin XCConfigurationList section */
		02425F292195CAC900587FE3 /* Build configuration list for PBXProject "Telepath Demo App" */ = {
			isa = XCConfigurationList;
			buildConfigurations = (
				02425F3E2195CACA00587FE3 /* Debug */,
				02425F3F2195CACA00587FE3 /* Release */,
			);
			defaultConfigurationIsVisible = 0;
			defaultConfigurationName = Release;
		};
		02425F402195CACA00587FE3 /* Build configuration list for PBXNativeTarget "Telepath Demo App" */ = {
			isa = XCConfigurationList;
			buildConfigurations = (
				02425F412195CACA00587FE3 /* Debug */,
				02425F422195CACA00587FE3 /* Release */,
			);
			defaultConfigurationIsVisible = 0;
			defaultConfigurationName = Release;
		};
/* End XCConfigurationList section */
	};
	rootObject = 02425F262195CAC900587FE3 /* Project object */;
}
